// !$*UTF8*$!
{
	archiveVersion = 1;
	classes = {
	};
	objectVersion = 55;
	objects = {

/* Begin PBXBuildFile section */
		43E34A132700480900E2142D /* Swifter in Frameworks */ = {isa = PBXBuildFile; productRef = 43E34A122700480900E2142D /* Swifter */; };
		43E34A152700480E00E2142D /* Swifter in Frameworks */ = {isa = PBXBuildFile; productRef = 43E34A142700480E00E2142D /* Swifter */; };
		43E34A272700765100E2142D /* Item+CoreDataClass.swift in Sources */ = {isa = PBXBuildFile; fileRef = 43E34A252700765100E2142D /* Item+CoreDataClass.swift */; };
		43E34A282700765100E2142D /* Item+CoreDataClass.swift in Sources */ = {isa = PBXBuildFile; fileRef = 43E34A252700765100E2142D /* Item+CoreDataClass.swift */; };
		43E34A292700765100E2142D /* Item+CoreDataProperties.swift in Sources */ = {isa = PBXBuildFile; fileRef = 43E34A262700765100E2142D /* Item+CoreDataProperties.swift */; };
		43E34A2A2700765100E2142D /* Item+CoreDataProperties.swift in Sources */ = {isa = PBXBuildFile; fileRef = 43E34A262700765100E2142D /* Item+CoreDataProperties.swift */; };
		43E34A3127008E8D00E2142D /* SearchModel.swift in Sources */ = {isa = PBXBuildFile; fileRef = 43E34A2D27008E8D00E2142D /* SearchModel.swift */; };
		43E34A3227008E8D00E2142D /* SearchModel.swift in Sources */ = {isa = PBXBuildFile; fileRef = 43E34A2D27008E8D00E2142D /* SearchModel.swift */; };
		43E34A3327008E8D00E2142D /* SearchListView.swift in Sources */ = {isa = PBXBuildFile; fileRef = 43E34A2F27008E8D00E2142D /* SearchListView.swift */; };
		43E34A3427008E8D00E2142D /* SearchListView.swift in Sources */ = {isa = PBXBuildFile; fileRef = 43E34A2F27008E8D00E2142D /* SearchListView.swift */; };
		43E34A3527008E8D00E2142D /* SearchBar.swift in Sources */ = {isa = PBXBuildFile; fileRef = 43E34A3027008E8D00E2142D /* SearchBar.swift */; };
		43E34A3627008E8D00E2142D /* SearchBar.swift in Sources */ = {isa = PBXBuildFile; fileRef = 43E34A3027008E8D00E2142D /* SearchBar.swift */; };
		43FDDA2D2700373C0070E097 /* SearchApp.xcdatamodeld in Sources */ = {isa = PBXBuildFile; fileRef = 43FDDA1A2700373B0070E097 /* SearchApp.xcdatamodeld */; };
		43FDDA2E2700373C0070E097 /* SearchApp.xcdatamodeld in Sources */ = {isa = PBXBuildFile; fileRef = 43FDDA1A2700373B0070E097 /* SearchApp.xcdatamodeld */; };
		43FDDA2F2700373C0070E097 /* SearchAppApp.swift in Sources */ = {isa = PBXBuildFile; fileRef = 43FDDA1C2700373B0070E097 /* SearchAppApp.swift */; };
		43FDDA302700373C0070E097 /* SearchAppApp.swift in Sources */ = {isa = PBXBuildFile; fileRef = 43FDDA1C2700373B0070E097 /* SearchAppApp.swift */; };
		43FDDA312700373C0070E097 /* ContentView.swift in Sources */ = {isa = PBXBuildFile; fileRef = 43FDDA1D2700373B0070E097 /* ContentView.swift */; };
		43FDDA322700373C0070E097 /* ContentView.swift in Sources */ = {isa = PBXBuildFile; fileRef = 43FDDA1D2700373B0070E097 /* ContentView.swift */; };
		43FDDA332700373C0070E097 /* Persistence.swift in Sources */ = {isa = PBXBuildFile; fileRef = 43FDDA1E2700373B0070E097 /* Persistence.swift */; };
		43FDDA342700373C0070E097 /* Persistence.swift in Sources */ = {isa = PBXBuildFile; fileRef = 43FDDA1E2700373B0070E097 /* Persistence.swift */; };
		43FDDA352700373C0070E097 /* Assets.xcassets in Resources */ = {isa = PBXBuildFile; fileRef = 43FDDA1F2700373C0070E097 /* Assets.xcassets */; };
		43FDDA362700373C0070E097 /* Assets.xcassets in Resources */ = {isa = PBXBuildFile; fileRef = 43FDDA1F2700373C0070E097 /* Assets.xcassets */; };
/* End PBXBuildFile section */

/* Begin PBXFileReference section */
		43E34A1D2700631D00E2142D /* SearchApp--iOS--Info.plist */ = {isa = PBXFileReference; lastKnownFileType = text.plist; path = "SearchApp--iOS--Info.plist"; sourceTree = "<group>"; };
		43E34A1E2700687B00E2142D /* SearchApp (iOS).entitlements */ = {isa = PBXFileReference; lastKnownFileType = text.plist.entitlements; path = "SearchApp (iOS).entitlements"; sourceTree = "<group>"; };
		43E34A252700765100E2142D /* Item+CoreDataClass.swift */ = {isa = PBXFileReference; lastKnownFileType = sourcecode.swift; path = "Item+CoreDataClass.swift"; sourceTree = "<group>"; };
		43E34A262700765100E2142D /* Item+CoreDataProperties.swift */ = {isa = PBXFileReference; lastKnownFileType = sourcecode.swift; path = "Item+CoreDataProperties.swift"; sourceTree = "<group>"; };
		43E34A2D27008E8D00E2142D /* SearchModel.swift */ = {isa = PBXFileReference; fileEncoding = 4; lastKnownFileType = sourcecode.swift; path = SearchModel.swift; sourceTree = "<group>"; };
		43E34A2F27008E8D00E2142D /* SearchListView.swift */ = {isa = PBXFileReference; fileEncoding = 4; lastKnownFileType = sourcecode.swift; path = SearchListView.swift; sourceTree = "<group>"; };
		43E34A3027008E8D00E2142D /* SearchBar.swift */ = {isa = PBXFileReference; fileEncoding = 4; lastKnownFileType = sourcecode.swift; path = SearchBar.swift; sourceTree = "<group>"; };
		43FDDA1B2700373B0070E097 /* Shared.xcdatamodel */ = {isa = PBXFileReference; lastKnownFileType = wrapper.xcdatamodel; path = Shared.xcdatamodel; sourceTree = "<group>"; };
		43FDDA1C2700373B0070E097 /* SearchAppApp.swift */ = {isa = PBXFileReference; lastKnownFileType = sourcecode.swift; path = SearchAppApp.swift; sourceTree = "<group>"; };
		43FDDA1D2700373B0070E097 /* ContentView.swift */ = {isa = PBXFileReference; lastKnownFileType = sourcecode.swift; path = ContentView.swift; sourceTree = "<group>"; };
		43FDDA1E2700373B0070E097 /* Persistence.swift */ = {isa = PBXFileReference; lastKnownFileType = sourcecode.swift; path = Persistence.swift; sourceTree = "<group>"; };
		43FDDA1F2700373C0070E097 /* Assets.xcassets */ = {isa = PBXFileReference; lastKnownFileType = folder.assetcatalog; path = Assets.xcassets; sourceTree = "<group>"; };
		43FDDA242700373C0070E097 /* SearchApp.app */ = {isa = PBXFileReference; explicitFileType = wrapper.application; includeInIndex = 0; path = SearchApp.app; sourceTree = BUILT_PRODUCTS_DIR; };
		43FDDA2A2700373C0070E097 /* SearchApp.app */ = {isa = PBXFileReference; explicitFileType = wrapper.application; includeInIndex = 0; path = SearchApp.app; sourceTree = BUILT_PRODUCTS_DIR; };
		43FDDA2C2700373C0070E097 /* macOS.entitlements */ = {isa = PBXFileReference; lastKnownFileType = text.plist.entitlements; path = macOS.entitlements; sourceTree = "<group>"; };
/* End PBXFileReference section */

/* Begin PBXFrameworksBuildPhase section */
		43FDDA212700373C0070E097 /* Frameworks */ = {
			isa = PBXFrameworksBuildPhase;
			buildActionMask = 2147483647;
			files = (
				43E34A132700480900E2142D /* Swifter in Frameworks */,
			);
			runOnlyForDeploymentPostprocessing = 0;
		};
		43FDDA272700373C0070E097 /* Frameworks */ = {
			isa = PBXFrameworksBuildPhase;
			buildActionMask = 2147483647;
			files = (
				43E34A152700480E00E2142D /* Swifter in Frameworks */,
			);
			runOnlyForDeploymentPostprocessing = 0;
		};
/* End PBXFrameworksBuildPhase section */

/* Begin PBXGroup section */
		43E34A112700480900E2142D /* Frameworks */ = {
			isa = PBXGroup;
			children = (
			);
			name = Frameworks;
			sourceTree = "<group>";
		};
		43E34A2B27008E8D00E2142D /* Classes */ = {
			isa = PBXGroup;
			children = (
				43E34A2C27008E8D00E2142D /* Model */,
				43E34A2E27008E8D00E2142D /* View */,
			);
			path = Classes;
			sourceTree = "<group>";
		};
		43E34A2C27008E8D00E2142D /* Model */ = {
			isa = PBXGroup;
			children = (
				43E34A2D27008E8D00E2142D /* SearchModel.swift */,
			);
			path = Model;
			sourceTree = "<group>";
		};
		43E34A2E27008E8D00E2142D /* View */ = {
			isa = PBXGroup;
			children = (
				43E34A2F27008E8D00E2142D /* SearchListView.swift */,
				43E34A3027008E8D00E2142D /* SearchBar.swift */,
			);
			path = View;
			sourceTree = "<group>";
		};
		43FDDA142700373B0070E097 = {
			isa = PBXGroup;
			children = (
				43E34A1E2700687B00E2142D /* SearchApp (iOS).entitlements */,
				43E34A1D2700631D00E2142D /* SearchApp--iOS--Info.plist */,
				43FDDA192700373B0070E097 /* Shared */,
				43FDDA2B2700373C0070E097 /* macOS */,
				43FDDA252700373C0070E097 /* Products */,
				43E34A112700480900E2142D /* Frameworks */,
			);
			sourceTree = "<group>";
		};
		43FDDA192700373B0070E097 /* Shared */ = {
			isa = PBXGroup;
			children = (
				43E34A2B27008E8D00E2142D /* Classes */,
				43E34A252700765100E2142D /* Item+CoreDataClass.swift */,
				43E34A262700765100E2142D /* Item+CoreDataProperties.swift */,
				43FDDA1C2700373B0070E097 /* SearchAppApp.swift */,
				43FDDA1D2700373B0070E097 /* ContentView.swift */,
				43FDDA1E2700373B0070E097 /* Persistence.swift */,
				43FDDA1F2700373C0070E097 /* Assets.xcassets */,
				43FDDA1A2700373B0070E097 /* SearchApp.xcdatamodeld */,
			);
			path = Shared;
			sourceTree = "<group>";
		};
		43FDDA252700373C0070E097 /* Products */ = {
			isa = PBXGroup;
			children = (
				43FDDA242700373C0070E097 /* SearchApp.app */,
				43FDDA2A2700373C0070E097 /* SearchApp.app */,
			);
			name = Products;
			sourceTree = "<group>";
		};
		43FDDA2B2700373C0070E097 /* macOS */ = {
			isa = PBXGroup;
			children = (
				43FDDA2C2700373C0070E097 /* macOS.entitlements */,
			);
			path = macOS;
			sourceTree = "<group>";
		};
/* End PBXGroup section */

/* Begin PBXNativeTarget section */
		43FDDA232700373C0070E097 /* SearchApp (iOS) */ = {
			isa = PBXNativeTarget;
			buildConfigurationList = 43FDDA392700373C0070E097 /* Build configuration list for PBXNativeTarget "SearchApp (iOS)" */;
			buildPhases = (
				43FDDA202700373C0070E097 /* Sources */,
				43FDDA212700373C0070E097 /* Frameworks */,
				43FDDA222700373C0070E097 /* Resources */,
			);
			buildRules = (
			);
			dependencies = (
			);
			name = "SearchApp (iOS)";
			packageProductDependencies = (
				43E34A122700480900E2142D /* Swifter */,
			);
			productName = "SearchApp (iOS)";
			productReference = 43FDDA242700373C0070E097 /* SearchApp.app */;
			productType = "com.apple.product-type.application";
		};
		43FDDA292700373C0070E097 /* SearchApp (macOS) */ = {
			isa = PBXNativeTarget;
			buildConfigurationList = 43FDDA3C2700373C0070E097 /* Build configuration list for PBXNativeTarget "SearchApp (macOS)" */;
			buildPhases = (
				43FDDA262700373C0070E097 /* Sources */,
				43FDDA272700373C0070E097 /* Frameworks */,
				43FDDA282700373C0070E097 /* Resources */,
			);
			buildRules = (
			);
			dependencies = (
			);
			name = "SearchApp (macOS)";
			packageProductDependencies = (
				43E34A142700480E00E2142D /* Swifter */,
			);
			productName = "SearchApp (macOS)";
			productReference = 43FDDA2A2700373C0070E097 /* SearchApp.app */;
			productType = "com.apple.product-type.application";
		};
/* End PBXNativeTarget section */

/* Begin PBXProject section */
		43FDDA152700373B0070E097 /* Project object */ = {
			isa = PBXProject;
			attributes = {
				BuildIndependentTargetsInParallel = 1;
				LastSwiftUpdateCheck = 1300;
				LastUpgradeCheck = 1300;
				TargetAttributes = {
					43FDDA232700373C0070E097 = {
						CreatedOnToolsVersion = 13.0;
					};
					43FDDA292700373C0070E097 = {
						CreatedOnToolsVersion = 13.0;
					};
				};
			};
			buildConfigurationList = 43FDDA182700373B0070E097 /* Build configuration list for PBXProject "SearchApp" */;
			compatibilityVersion = "Xcode 13.0";
			developmentRegion = en;
			hasScannedForEncodings = 0;
			knownRegions = (
				en,
				Base,
			);
			mainGroup = 43FDDA142700373B0070E097;
			productRefGroup = 43FDDA252700373C0070E097 /* Products */;
			projectDirPath = "";
			projectRoot = "";
			targets = (
				43FDDA232700373C0070E097 /* SearchApp (iOS) */,
				43FDDA292700373C0070E097 /* SearchApp (macOS) */,
			);
		};
/* End PBXProject section */

/* Begin PBXResourcesBuildPhase section */
		43FDDA222700373C0070E097 /* Resources */ = {
			isa = PBXResourcesBuildPhase;
			buildActionMask = 2147483647;
			files = (
				43FDDA352700373C0070E097 /* Assets.xcassets in Resources */,
			);
			runOnlyForDeploymentPostprocessing = 0;
		};
		43FDDA282700373C0070E097 /* Resources */ = {
			isa = PBXResourcesBuildPhase;
			buildActionMask = 2147483647;
			files = (
				43FDDA362700373C0070E097 /* Assets.xcassets in Resources */,
			);
			runOnlyForDeploymentPostprocessing = 0;
		};
/* End PBXResourcesBuildPhase section */

/* Begin PBXSourcesBuildPhase section */
		43FDDA202700373C0070E097 /* Sources */ = {
			isa = PBXSourcesBuildPhase;
			buildActionMask = 2147483647;
			files = (
				43E34A292700765100E2142D /* Item+CoreDataProperties.swift in Sources */,
				43E34A272700765100E2142D /* Item+CoreDataClass.swift in Sources */,
				43FDDA2D2700373C0070E097 /* SearchApp.xcdatamodeld in Sources */,
				43FDDA332700373C0070E097 /* Persistence.swift in Sources */,
				43E34A3327008E8D00E2142D /* SearchListView.swift in Sources */,
				43E34A3527008E8D00E2142D /* SearchBar.swift in Sources */,
				43E34A3127008E8D00E2142D /* SearchModel.swift in Sources */,
				43FDDA2F2700373C0070E097 /* SearchAppApp.swift in Sources */,
				43FDDA312700373C0070E097 /* ContentView.swift in Sources */,
			);
			runOnlyForDeploymentPostprocessing = 0;
		};
		43FDDA262700373C0070E097 /* Sources */ = {
			isa = PBXSourcesBuildPhase;
			buildActionMask = 2147483647;
			files = (
				43E34A2A2700765100E2142D /* Item+CoreDataProperties.swift in Sources */,
				43E34A282700765100E2142D /* Item+CoreDataClass.swift in Sources */,
				43FDDA2E2700373C0070E097 /* SearchApp.xcdatamodeld in Sources */,
				43FDDA342700373C0070E097 /* Persistence.swift in Sources */,
				43E34A3427008E8D00E2142D /* SearchListView.swift in Sources */,
				43E34A3627008E8D00E2142D /* SearchBar.swift in Sources */,
				43E34A3227008E8D00E2142D /* SearchModel.swift in Sources */,
				43FDDA302700373C0070E097 /* SearchAppApp.swift in Sources */,
				43FDDA322700373C0070E097 /* ContentView.swift in Sources */,
			);
			runOnlyForDeploymentPostprocessing = 0;
		};
/* End PBXSourcesBuildPhase section */

/* Begin XCBuildConfiguration section */
		43FDDA372700373C0070E097 /* Debug */ = {
			isa = XCBuildConfiguration;
			buildSettings = {
				ALWAYS_SEARCH_USER_PATHS = NO;
				CLANG_ANALYZER_NONNULL = YES;
				CLANG_ANALYZER_NUMBER_OBJECT_CONVERSION = YES_AGGRESSIVE;
				CLANG_CXX_LANGUAGE_STANDARD = "gnu++17";
				CLANG_CXX_LIBRARY = "libc++";
				CLANG_ENABLE_MODULES = YES;
				CLANG_ENABLE_OBJC_ARC = YES;
				CLANG_ENABLE_OBJC_WEAK = YES;
				CLANG_WARN_BLOCK_CAPTURE_AUTORELEASING = YES;
				CLANG_WARN_BOOL_CONVERSION = YES;
				CLANG_WARN_COMMA = YES;
				CLANG_WARN_CONSTANT_CONVERSION = YES;
				CLANG_WARN_DEPRECATED_OBJC_IMPLEMENTATIONS = YES;
				CLANG_WARN_DIRECT_OBJC_ISA_USAGE = YES_ERROR;
				CLANG_WARN_DOCUMENTATION_COMMENTS = YES;
				CLANG_WARN_EMPTY_BODY = YES;
				CLANG_WARN_ENUM_CONVERSION = YES;
				CLANG_WARN_INFINITE_RECURSION = YES;
				CLANG_WARN_INT_CONVERSION = YES;
				CLANG_WARN_NON_LITERAL_NULL_CONVERSION = YES;
				CLANG_WARN_OBJC_IMPLICIT_RETAIN_SELF = YES;
				CLANG_WARN_OBJC_LITERAL_CONVERSION = YES;
				CLANG_WARN_OBJC_ROOT_CLASS = YES_ERROR;
				CLANG_WARN_QUOTED_INCLUDE_IN_FRAMEWORK_HEADER = YES;
				CLANG_WARN_RANGE_LOOP_ANALYSIS = YES;
				CLANG_WARN_STRICT_PROTOTYPES = YES;
				CLANG_WARN_SUSPICIOUS_MOVE = YES;
				CLANG_WARN_UNGUARDED_AVAILABILITY = YES_AGGRESSIVE;
				CLANG_WARN_UNREACHABLE_CODE = YES;
				CLANG_WARN__DUPLICATE_METHOD_MATCH = YES;
				COPY_PHASE_STRIP = NO;
				DEBUG_INFORMATION_FORMAT = dwarf;
				ENABLE_STRICT_OBJC_MSGSEND = YES;
				ENABLE_TESTABILITY = YES;
				GCC_C_LANGUAGE_STANDARD = gnu11;
				GCC_DYNAMIC_NO_PIC = NO;
				GCC_NO_COMMON_BLOCKS = YES;
				GCC_OPTIMIZATION_LEVEL = 0;
				GCC_PREPROCESSOR_DEFINITIONS = (
					"DEBUG=1",
					"$(inherited)",
				);
				GCC_WARN_64_TO_32_BIT_CONVERSION = YES;
				GCC_WARN_ABOUT_RETURN_TYPE = YES_ERROR;
				GCC_WARN_UNDECLARED_SELECTOR = YES;
				GCC_WARN_UNINITIALIZED_AUTOS = YES_AGGRESSIVE;
				GCC_WARN_UNUSED_FUNCTION = YES;
				GCC_WARN_UNUSED_VARIABLE = YES;
				MTL_ENABLE_DEBUG_INFO = INCLUDE_SOURCE;
				MTL_FAST_MATH = YES;
				ONLY_ACTIVE_ARCH = YES;
				SWIFT_ACTIVE_COMPILATION_CONDITIONS = DEBUG;
				SWIFT_OPTIMIZATION_LEVEL = "-Onone";
			};
			name = Debug;
		};
		43FDDA382700373C0070E097 /* Release */ = {
			isa = XCBuildConfiguration;
			buildSettings = {
				ALWAYS_SEARCH_USER_PATHS = NO;
				CLANG_ANALYZER_NONNULL = YES;
				CLANG_ANALYZER_NUMBER_OBJECT_CONVERSION = YES_AGGRESSIVE;
				CLANG_CXX_LANGUAGE_STANDARD = "gnu++17";
				CLANG_CXX_LIBRARY = "libc++";
				CLANG_ENABLE_MODULES = YES;
				CLANG_ENABLE_OBJC_ARC = YES;
				CLANG_ENABLE_OBJC_WEAK = YES;
				CLANG_WARN_BLOCK_CAPTURE_AUTORELEASING = YES;
				CLANG_WARN_BOOL_CONVERSION = YES;
				CLANG_WARN_COMMA = YES;
				CLANG_WARN_CONSTANT_CONVERSION = YES;
				CLANG_WARN_DEPRECATED_OBJC_IMPLEMENTATIONS = YES;
				CLANG_WARN_DIRECT_OBJC_ISA_USAGE = YES_ERROR;
				CLANG_WARN_DOCUMENTATION_COMMENTS = YES;
				CLANG_WARN_EMPTY_BODY = YES;
				CLANG_WARN_ENUM_CONVERSION = YES;
				CLANG_WARN_INFINITE_RECURSION = YES;
				CLANG_WARN_INT_CONVERSION = YES;
				CLANG_WARN_NON_LITERAL_NULL_CONVERSION = YES;
				CLANG_WARN_OBJC_IMPLICIT_RETAIN_SELF = YES;
				CLANG_WARN_OBJC_LITERAL_CONVERSION = YES;
				CLANG_WARN_OBJC_ROOT_CLASS = YES_ERROR;
				CLANG_WARN_QUOTED_INCLUDE_IN_FRAMEWORK_HEADER = YES;
				CLANG_WARN_RANGE_LOOP_ANALYSIS = YES;
				CLANG_WARN_STRICT_PROTOTYPES = YES;
				CLANG_WARN_SUSPICIOUS_MOVE = YES;
				CLANG_WARN_UNGUARDED_AVAILABILITY = YES_AGGRESSIVE;
				CLANG_WARN_UNREACHABLE_CODE = YES;
				CLANG_WARN__DUPLICATE_METHOD_MATCH = YES;
				COPY_PHASE_STRIP = NO;
				DEBUG_INFORMATION_FORMAT = "dwarf-with-dsym";
				ENABLE_NS_ASSERTIONS = NO;
				ENABLE_STRICT_OBJC_MSGSEND = YES;
				GCC_C_LANGUAGE_STANDARD = gnu11;
				GCC_NO_COMMON_BLOCKS = YES;
				GCC_WARN_64_TO_32_BIT_CONVERSION = YES;
				GCC_WARN_ABOUT_RETURN_TYPE = YES_ERROR;
				GCC_WARN_UNDECLARED_SELECTOR = YES;
				GCC_WARN_UNINITIALIZED_AUTOS = YES_AGGRESSIVE;
				GCC_WARN_UNUSED_FUNCTION = YES;
				GCC_WARN_UNUSED_VARIABLE = YES;
				MTL_ENABLE_DEBUG_INFO = NO;
				MTL_FAST_MATH = YES;
				SWIFT_COMPILATION_MODE = wholemodule;
				SWIFT_OPTIMIZATION_LEVEL = "-O";
			};
			name = Release;
		};
		43FDDA3A2700373C0070E097 /* Debug */ = {
			isa = XCBuildConfiguration;
			buildSettings = {
				ASSETCATALOG_COMPILER_APPICON_NAME = AppIcon;
				ASSETCATALOG_COMPILER_GLOBAL_ACCENT_COLOR_NAME = AccentColor;
				CODE_SIGN_ENTITLEMENTS = "SearchApp (iOS).entitlements";
				CODE_SIGN_STYLE = Automatic;
				CURRENT_PROJECT_VERSION = 1;
				DEVELOPMENT_TEAM = X88D2P4W9R;
				ENABLE_PREVIEWS = YES;
				GENERATE_INFOPLIST_FILE = YES;
				INFOPLIST_FILE = "SearchApp--iOS--Info.plist";
				INFOPLIST_KEY_UIApplicationSceneManifest_Generation = YES;
				INFOPLIST_KEY_UIApplicationSupportsIndirectInputEvents = YES;
				INFOPLIST_KEY_UILaunchScreen_Generation = YES;
				INFOPLIST_KEY_UISupportedInterfaceOrientations_iPad = "UIInterfaceOrientationPortrait UIInterfaceOrientationPortraitUpsideDown UIInterfaceOrientationLandscapeLeft UIInterfaceOrientationLandscapeRight";
				INFOPLIST_KEY_UISupportedInterfaceOrientations_iPhone = "UIInterfaceOrientationPortrait UIInterfaceOrientationLandscapeLeft UIInterfaceOrientationLandscapeRight";
				IPHONEOS_DEPLOYMENT_TARGET = 14.0;
				LD_RUNPATH_SEARCH_PATHS = (
					"$(inherited)",
					"@executable_path/Frameworks",
				);
				MARKETING_VERSION = 1.0;
				PRODUCT_BUNDLE_IDENTIFIER = com.leaf.SearchApp;
				PRODUCT_NAME = SearchApp;
				SDKROOT = iphoneos;
				SUPPORTS_MACCATALYST = YES;
				SWIFT_EMIT_LOC_STRINGS = YES;
				SWIFT_VERSION = 5.0;
				TARGETED_DEVICE_FAMILY = "1,2";
			};
			name = Debug;
		};
		43FDDA3B2700373C0070E097 /* Release */ = {
			isa = XCBuildConfiguration;
			buildSettings = {
				ASSETCATALOG_COMPILER_APPICON_NAME = AppIcon;
				ASSETCATALOG_COMPILER_GLOBAL_ACCENT_COLOR_NAME = AccentColor;
				CODE_SIGN_ENTITLEMENTS = "SearchApp (iOS).entitlements";
				CODE_SIGN_STYLE = Automatic;
				CURRENT_PROJECT_VERSION = 1;
				DEVELOPMENT_TEAM = X88D2P4W9R;
				ENABLE_PREVIEWS = YES;
				GENERATE_INFOPLIST_FILE = YES;
				INFOPLIST_FILE = "SearchApp--iOS--Info.plist";
				INFOPLIST_KEY_UIApplicationSceneManifest_Generation = YES;
				INFOPLIST_KEY_UIApplicationSupportsIndirectInputEvents = YES;
				INFOPLIST_KEY_UILaunchScreen_Generation = YES;
				INFOPLIST_KEY_UISupportedInterfaceOrientations_iPad = "UIInterfaceOrientationPortrait UIInterfaceOrientationPortraitUpsideDown UIInterfaceOrientationLandscapeLeft UIInterfaceOrientationLandscapeRight";
				INFOPLIST_KEY_UISupportedInterfaceOrientations_iPhone = "UIInterfaceOrientationPortrait UIInterfaceOrientationLandscapeLeft UIInterfaceOrientationLandscapeRight";
				IPHONEOS_DEPLOYMENT_TARGET = 14.0;
				LD_RUNPATH_SEARCH_PATHS = (
					"$(inherited)",
					"@executable_path/Frameworks",
				);
				MARKETING_VERSION = 1.0;
				PRODUCT_BUNDLE_IDENTIFIER = com.leaf.SearchApp;
				PRODUCT_NAME = SearchApp;
				SDKROOT = iphoneos;
				SUPPORTS_MACCATALYST = YES;
				SWIFT_EMIT_LOC_STRINGS = YES;
				SWIFT_VERSION = 5.0;
				TARGETED_DEVICE_FAMILY = "1,2";
				VALIDATE_PRODUCT = YES;
			};
			name = Release;
		};
		43FDDA3D2700373C0070E097 /* Debug */ = {
			isa = XCBuildConfiguration;
			buildSettings = {
				ASSETCATALOG_COMPILER_APPICON_NAME = AppIcon;
				ASSETCATALOG_COMPILER_GLOBAL_ACCENT_COLOR_NAME = AccentColor;
				CODE_SIGN_ENTITLEMENTS = macOS/macOS.entitlements;
				CODE_SIGN_STYLE = Automatic;
				COMBINE_HIDPI_IMAGES = YES;
				CURRENT_PROJECT_VERSION = 1;
				DEVELOPMENT_TEAM = X88D2P4W9R;
				ENABLE_HARDENED_RUNTIME = YES;
				ENABLE_PREVIEWS = YES;
				GENERATE_INFOPLIST_FILE = YES;
				INFOPLIST_KEY_NSHumanReadableCopyright = "";
				LD_RUNPATH_SEARCH_PATHS = (
					"$(inherited)",
					"@executable_path/../Frameworks",
				);
				MACOSX_DEPLOYMENT_TARGET = 11.0;
				MARKETING_VERSION = 1.0;
				PRODUCT_BUNDLE_IDENTIFIER = com.leaf.SearchApp;
				PRODUCT_NAME = SearchApp;
				SDKROOT = macosx;
				SWIFT_EMIT_LOC_STRINGS = YES;
				SWIFT_VERSION = 5.0;
			};
			name = Debug;
		};
		43FDDA3E2700373C0070E097 /* Release */ = {
			isa = XCBuildConfiguration;
			buildSettings = {
				ASSETCATALOG_COMPILER_APPICON_NAME = AppIcon;
				ASSETCATALOG_COMPILER_GLOBAL_ACCENT_COLOR_NAME = AccentColor;
				CODE_SIGN_ENTITLEMENTS = macOS/macOS.entitlements;
				CODE_SIGN_STYLE = Automatic;
				COMBINE_HIDPI_IMAGES = YES;
				CURRENT_PROJECT_VERSION = 1;
				DEVELOPMENT_TEAM = X88D2P4W9R;
				ENABLE_HARDENED_RUNTIME = YES;
				ENABLE_PREVIEWS = YES;
				GENERATE_INFOPLIST_FILE = YES;
				INFOPLIST_KEY_NSHumanReadableCopyright = "";
				LD_RUNPATH_SEARCH_PATHS = (
					"$(inherited)",
					"@executable_path/../Frameworks",
				);
				MACOSX_DEPLOYMENT_TARGET = 11.0;
				MARKETING_VERSION = 1.0;
				PRODUCT_BUNDLE_IDENTIFIER = com.leaf.SearchApp;
				PRODUCT_NAME = SearchApp;
				SDKROOT = macosx;
				SWIFT_EMIT_LOC_STRINGS = YES;
				SWIFT_VERSION = 5.0;
			};
			name = Release;
		};
/* End XCBuildConfiguration section */

/* Begin XCConfigurationList section */
		43FDDA182700373B0070E097 /* Build configuration list for PBXProject "SearchApp" */ = {
			isa = XCConfigurationList;
			buildConfigurations = (
				43FDDA372700373C0070E097 /* Debug */,
				43FDDA382700373C0070E097 /* Release */,
			);
			defaultConfigurationIsVisible = 0;
			defaultConfigurationName = Release;
		};
		43FDDA392700373C0070E097 /* Build configuration list for PBXNativeTarget "SearchApp (iOS)" */ = {
			isa = XCConfigurationList;
			buildConfigurations = (
				43FDDA3A2700373C0070E097 /* Debug */,
				43FDDA3B2700373C0070E097 /* Release */,
			);
			defaultConfigurationIsVisible = 0;
			defaultConfigurationName = Release;
		};
		43FDDA3C2700373C0070E097 /* Build configuration list for PBXNativeTarget "SearchApp (macOS)" */ = {
			isa = XCConfigurationList;
			buildConfigurations = (
				43FDDA3D2700373C0070E097 /* Debug */,
				43FDDA3E2700373C0070E097 /* Release */,
			);
			defaultConfigurationIsVisible = 0;
			defaultConfigurationName = Release;
		};
/* End XCConfigurationList section */

/* Begin XCSwiftPackageProductDependency section */
		43E34A122700480900E2142D /* Swifter */ = {
			isa = XCSwiftPackageProductDependency;
			productName = Swifter;
		};
		43E34A142700480E00E2142D /* Swifter */ = {
			isa = XCSwiftPackageProductDependency;
			productName = Swifter;
		};
/* End XCSwiftPackageProductDependency section */

/* Begin XCVersionGroup section */
		43FDDA1A2700373B0070E097 /* SearchApp.xcdatamodeld */ = {
			isa = XCVersionGroup;
			children = (
				43FDDA1B2700373B0070E097 /* Shared.xcdatamodel */,
			);
			currentVersion = 43FDDA1B2700373B0070E097 /* Shared.xcdatamodel */;
			path = SearchApp.xcdatamodeld;
			sourceTree = "<group>";
			versionGroupType = wrapper.xcdatamodel;
		};
/* End XCVersionGroup section */
	};
	rootObject = 43FDDA152700373B0070E097 /* Project object */;
}
