// !$*UTF8*$!
{
	archiveVersion = 1;
	classes = {
	};
	objectVersion = 55;
	objects = {

/* Begin PBXBuildFile section */
		D91898FE271E5157009A30BA /* AppDelegate.swift in Sources */ = {isa = PBXBuildFile; fileRef = D91898FD271E5157009A30BA /* AppDelegate.swift */; };
		D9189900271E5157009A30BA /* SceneDelegate.swift in Sources */ = {isa = PBXBuildFile; fileRef = D91898FF271E5157009A30BA /* SceneDelegate.swift */; };
		D9189902271E5157009A30BA /* ViewController.swift in Sources */ = {isa = PBXBuildFile; fileRef = D9189901271E5157009A30BA /* ViewController.swift */; };
		D9189905271E5157009A30BA /* Main.storyboard in Resources */ = {isa = PBXBuildFile; fileRef = D9189903271E5157009A30BA /* Main.storyboard */; };
		D9189907271E515B009A30BA /* Assets.xcassets in Resources */ = {isa = PBXBuildFile; fileRef = D9189906271E515B009A30BA /* Assets.xcassets */; };
		D918990A271E515B009A30BA /* LaunchScreen.storyboard in Resources */ = {isa = PBXBuildFile; fileRef = D9189908271E515B009A30BA /* LaunchScreen.storyboard */; };
		D9189915271E515B009A30BA /* HSSearchTextPrintTests.swift in Sources */ = {isa = PBXBuildFile; fileRef = D9189914271E515B009A30BA /* HSSearchTextPrintTests.swift */; };
		D918991F271E515B009A30BA /* HSSearchTextPrintUITests.swift in Sources */ = {isa = PBXBuildFile; fileRef = D918991E271E515B009A30BA /* HSSearchTextPrintUITests.swift */; };
		D9189921271E515B009A30BA /* HSSearchTextPrintUITestsLaunchTests.swift in Sources */ = {isa = PBXBuildFile; fileRef = D9189920271E515B009A30BA /* HSSearchTextPrintUITestsLaunchTests.swift */; };
/* End PBXBuildFile section */

/* Begin PBXContainerItemProxy section */
		D9189911271E515B009A30BA /* PBXContainerItemProxy */ = {
			isa = PBXContainerItemProxy;
			containerPortal = D91898F2271E5157009A30BA /* Project object */;
			proxyType = 1;
			remoteGlobalIDString = D91898F9271E5157009A30BA;
			remoteInfo = HSSearchTextPrint;
		};
		D918991B271E515B009A30BA /* PBXContainerItemProxy */ = {
			isa = PBXContainerItemProxy;
			containerPortal = D91898F2271E5157009A30BA /* Project object */;
			proxyType = 1;
			remoteGlobalIDString = D91898F9271E5157009A30BA;
			remoteInfo = HSSearchTextPrint;
		};
/* End PBXContainerItemProxy section */

/* Begin PBXFileReference section */
		D91898FA271E5157009A30BA /* HSSearchTextPrint.app */ = {isa = PBXFileReference; explicitFileType = wrapper.application; includeInIndex = 0; path = HSSearchTextPrint.app; sourceTree = BUILT_PRODUCTS_DIR; };
		D91898FD271E5157009A30BA /* AppDelegate.swift */ = {isa = PBXFileReference; lastKnownFileType = sourcecode.swift; path = AppDelegate.swift; sourceTree = "<group>"; };
		D91898FF271E5157009A30BA /* SceneDelegate.swift */ = {isa = PBXFileReference; lastKnownFileType = sourcecode.swift; path = SceneDelegate.swift; sourceTree = "<group>"; };
		D9189901271E5157009A30BA /* ViewController.swift */ = {isa = PBXFileReference; lastKnownFileType = sourcecode.swift; path = ViewController.swift; sourceTree = "<group>"; };
		D9189904271E5157009A30BA /* Base */ = {isa = PBXFileReference; lastKnownFileType = file.storyboard; name = Base; path = Base.lproj/Main.storyboard; sourceTree = "<group>"; };
		D9189906271E515B009A30BA /* Assets.xcassets */ = {isa = PBXFileReference; lastKnownFileType = folder.assetcatalog; path = Assets.xcassets; sourceTree = "<group>"; };
		D9189909271E515B009A30BA /* Base */ = {isa = PBXFileReference; lastKnownFileType = file.storyboard; name = Base; path = Base.lproj/LaunchScreen.storyboard; sourceTree = "<group>"; };
		D918990B271E515B009A30BA /* Info.plist */ = {isa = PBXFileReference; lastKnownFileType = text.plist.xml; path = Info.plist; sourceTree = "<group>"; };
		D9189910271E515B009A30BA /* HSSearchTextPrintTests.xctest */ = {isa = PBXFileReference; explicitFileType = wrapper.cfbundle; includeInIndex = 0; path = HSSearchTextPrintTests.xctest; sourceTree = BUILT_PRODUCTS_DIR; };
		D9189914271E515B009A30BA /* HSSearchTextPrintTests.swift */ = {isa = PBXFileReference; lastKnownFileType = sourcecode.swift; path = HSSearchTextPrintTests.swift; sourceTree = "<group>"; };
		D918991A271E515B009A30BA /* HSSearchTextPrintUITests.xctest */ = {isa = PBXFileReference; explicitFileType = wrapper.cfbundle; includeInIndex = 0; path = HSSearchTextPrintUITests.xctest; sourceTree = BUILT_PRODUCTS_DIR; };
		D918991E271E515B009A30BA /* HSSearchTextPrintUITests.swift */ = {isa = PBXFileReference; lastKnownFileType = sourcecode.swift; path = HSSearchTextPrintUITests.swift; sourceTree = "<group>"; };
		D9189920271E515B009A30BA /* HSSearchTextPrintUITestsLaunchTests.swift */ = {isa = PBXFileReference; lastKnownFileType = sourcecode.swift; path = HSSearchTextPrintUITestsLaunchTests.swift; sourceTree = "<group>"; };
/* End PBXFileReference section */

/* Begin PBXFrameworksBuildPhase section */
		D91898F7271E5157009A30BA /* Frameworks */ = {
			isa = PBXFrameworksBuildPhase;
			buildActionMask = 2147483647;
			files = (
			);
			runOnlyForDeploymentPostprocessing = 0;
		};
		D918990D271E515B009A30BA /* Frameworks */ = {
			isa = PBXFrameworksBuildPhase;
			buildActionMask = 2147483647;
			files = (
			);
			runOnlyForDeploymentPostprocessing = 0;
		};
		D9189917271E515B009A30BA /* Frameworks */ = {
			isa = PBXFrameworksBuildPhase;
			buildActionMask = 2147483647;
			files = (
			);
			runOnlyForDeploymentPostprocessing = 0;
		};
/* End PBXFrameworksBuildPhase section */

/* Begin PBXGroup section */
		D91898F1271E5157009A30BA = {
			isa = PBXGroup;
			children = (
				D91898FC271E5157009A30BA /* HSSearchTextPrint */,
				D9189913271E515B009A30BA /* HSSearchTextPrintTests */,
				D918991D271E515B009A30BA /* HSSearchTextPrintUITests */,
				D91898FB271E5157009A30BA /* Products */,
			);
			sourceTree = "<group>";
		};
		D91898FB271E5157009A30BA /* Products */ = {
			isa = PBXGroup;
			children = (
				D91898FA271E5157009A30BA /* HSSearchTextPrint.app */,
				D9189910271E515B009A30BA /* HSSearchTextPrintTests.xctest */,
				D918991A271E515B009A30BA /* HSSearchTextPrintUITests.xctest */,
			);
			name = Products;
			sourceTree = "<group>";
		};
		D91898FC271E5157009A30BA /* HSSearchTextPrint */ = {
			isa = PBXGroup;
			children = (
				D91898FD271E5157009A30BA /* AppDelegate.swift */,
				D91898FF271E5157009A30BA /* SceneDelegate.swift */,
				D9189901271E5157009A30BA /* ViewController.swift */,
				D9189903271E5157009A30BA /* Main.storyboard */,
				D9189906271E515B009A30BA /* Assets.xcassets */,
				D9189908271E515B009A30BA /* LaunchScreen.storyboard */,
				D918990B271E515B009A30BA /* Info.plist */,
			);
			path = HSSearchTextPrint;
			sourceTree = "<group>";
		};
		D9189913271E515B009A30BA /* HSSearchTextPrintTests */ = {
			isa = PBXGroup;
			children = (
				D9189914271E515B009A30BA /* HSSearchTextPrintTests.swift */,
			);
			path = HSSearchTextPrintTests;
			sourceTree = "<group>";
		};
		D918991D271E515B009A30BA /* HSSearchTextPrintUITests */ = {
			isa = PBXGroup;
			children = (
				D918991E271E515B009A30BA /* HSSearchTextPrintUITests.swift */,
				D9189920271E515B009A30BA /* HSSearchTextPrintUITestsLaunchTests.swift */,
			);
			path = HSSearchTextPrintUITests;
			sourceTree = "<group>";
		};
/* End PBXGroup section */

/* Begin PBXNativeTarget section */
		D91898F9271E5157009A30BA /* HSSearchTextPrint */ = {
			isa = PBXNativeTarget;
			buildConfigurationList = D9189924271E515B009A30BA /* Build configuration list for PBXNativeTarget "HSSearchTextPrint" */;
			buildPhases = (
				D91898F6271E5157009A30BA /* Sources */,
				D91898F7271E5157009A30BA /* Frameworks */,
				D91898F8271E5157009A30BA /* Resources */,
			);
			buildRules = (
			);
			dependencies = (
			);
			name = HSSearchTextPrint;
			productName = HSSearchTextPrint;
			productReference = D91898FA271E5157009A30BA /* HSSearchTextPrint.app */;
			productType = "com.apple.product-type.application";
		};
		D918990F271E515B009A30BA /* HSSearchTextPrintTests */ = {
			isa = PBXNativeTarget;
			buildConfigurationList = D9189927271E515B009A30BA /* Build configuration list for PBXNativeTarget "HSSearchTextPrintTests" */;
			buildPhases = (
				D918990C271E515B009A30BA /* Sources */,
				D918990D271E515B009A30BA /* Frameworks */,
				D918990E271E515B009A30BA /* Resources */,
			);
			buildRules = (
			);
			dependencies = (
				D9189912271E515B009A30BA /* PBXTargetDependency */,
			);
			name = HSSearchTextPrintTests;
			productName = HSSearchTextPrintTests;
			productReference = D9189910271E515B009A30BA /* HSSearchTextPrintTests.xctest */;
			productType = "com.apple.product-type.bundle.unit-test";
		};
		D9189919271E515B009A30BA /* HSSearchTextPrintUITests */ = {
			isa = PBXNativeTarget;
			buildConfigurationList = D918992A271E515B009A30BA /* Build configuration list for PBXNativeTarget "HSSearchTextPrintUITests" */;
			buildPhases = (
				D9189916271E515B009A30BA /* Sources */,
				D9189917271E515B009A30BA /* Frameworks */,
				D9189918271E515B009A30BA /* Resources */,
			);
			buildRules = (
			);
			dependencies = (
				D918991C271E515B009A30BA /* PBXTargetDependency */,
			);
			name = HSSearchTextPrintUITests;
			productName = HSSearchTextPrintUITests;
			productReference = D918991A271E515B009A30BA /* HSSearchTextPrintUITests.xctest */;
			productType = "com.apple.product-type.bundle.ui-testing";
		};
/* End PBXNativeTarget section */

/* Begin PBXProject section */
		D91898F2271E5157009A30BA /* Project object */ = {
			isa = PBXProject;
			attributes = {
				BuildIndependentTargetsInParallel = 1;
				LastSwiftUpdateCheck = 1300;
				LastUpgradeCheck = 1300;
				TargetAttributes = {
					D91898F9271E5157009A30BA = {
						CreatedOnToolsVersion = 13.0;
					};
					D918990F271E515B009A30BA = {
						CreatedOnToolsVersion = 13.0;
						TestTargetID = D91898F9271E5157009A30BA;
					};
					D9189919271E515B009A30BA = {
						CreatedOnToolsVersion = 13.0;
						TestTargetID = D91898F9271E5157009A30BA;
					};
				};
			};
			buildConfigurationList = D91898F5271E5157009A30BA /* Build configuration list for PBXProject "HSSearchTextPrint" */;
			compatibilityVersion = "Xcode 13.0";
			developmentRegion = en;
			hasScannedForEncodings = 0;
			knownRegions = (
				en,
				Base,
			);
			mainGroup = D91898F1271E5157009A30BA;
			productRefGroup = D91898FB271E5157009A30BA /* Products */;
			projectDirPath = "";
			projectRoot = "";
			targets = (
				D91898F9271E5157009A30BA /* HSSearchTextPrint */,
				D918990F271E515B009A30BA /* HSSearchTextPrintTests */,
				D9189919271E515B009A30BA /* HSSearchTextPrintUITests */,
			);
		};
/* End PBXProject section */

/* Begin PBXResourcesBuildPhase section */
		D91898F8271E5157009A30BA /* Resources */ = {
			isa = PBXResourcesBuildPhase;
			buildActionMask = 2147483647;
			files = (
				D918990A271E515B009A30BA /* LaunchScreen.storyboard in Resources */,
				D9189907271E515B009A30BA /* Assets.xcassets in Resources */,
				D9189905271E5157009A30BA /* Main.storyboard in Resources */,
			);
			runOnlyForDeploymentPostprocessing = 0;
		};
		D918990E271E515B009A30BA /* Resources */ = {
			isa = PBXResourcesBuildPhase;
			buildActionMask = 2147483647;
			files = (
			);
			runOnlyForDeploymentPostprocessing = 0;
		};
		D9189918271E515B009A30BA /* Resources */ = {
			isa = PBXResourcesBuildPhase;
			buildActionMask = 2147483647;
			files = (
			);
			runOnlyForDeploymentPostprocessing = 0;
		};
/* End PBXResourcesBuildPhase section */

/* Begin PBXSourcesBuildPhase section */
		D91898F6271E5157009A30BA /* Sources */ = {
			isa = PBXSourcesBuildPhase;
			buildActionMask = 2147483647;
			files = (
				D9189902271E5157009A30BA /* ViewController.swift in Sources */,
				D91898FE271E5157009A30BA /* AppDelegate.swift in Sources */,
				D9189900271E5157009A30BA /* SceneDelegate.swift in Sources */,
			);
			runOnlyForDeploymentPostprocessing = 0;
		};
		D918990C271E515B009A30BA /* Sources */ = {
			isa = PBXSourcesBuildPhase;
			buildActionMask = 2147483647;
			files = (
				D9189915271E515B009A30BA /* HSSearchTextPrintTests.swift in Sources */,
			);
			runOnlyForDeploymentPostprocessing = 0;
		};
		D9189916271E515B009A30BA /* Sources */ = {
			isa = PBXSourcesBuildPhase;
			buildActionMask = 2147483647;
			files = (
				D9189921271E515B009A30BA /* HSSearchTextPrintUITestsLaunchTests.swift in Sources */,
				D918991F271E515B009A30BA /* HSSearchTextPrintUITests.swift in Sources */,
			);
			runOnlyForDeploymentPostprocessing = 0;
		};
/* End PBXSourcesBuildPhase section */

/* Begin PBXTargetDependency section */
		D9189912271E515B009A30BA /* PBXTargetDependency */ = {
			isa = PBXTargetDependency;
			target = D91898F9271E5157009A30BA /* HSSearchTextPrint */;
			targetProxy = D9189911271E515B009A30BA /* PBXContainerItemProxy */;
		};
		D918991C271E515B009A30BA /* PBXTargetDependency */ = {
			isa = PBXTargetDependency;
			target = D91898F9271E5157009A30BA /* HSSearchTextPrint */;
			targetProxy = D918991B271E515B009A30BA /* PBXContainerItemProxy */;
		};
/* End PBXTargetDependency section */

/* Begin PBXVariantGroup section */
		D9189903271E5157009A30BA /* Main.storyboard */ = {
			isa = PBXVariantGroup;
			children = (
				D9189904271E5157009A30BA /* Base */,
			);
			name = Main.storyboard;
			sourceTree = "<group>";
		};
		D9189908271E515B009A30BA /* LaunchScreen.storyboard */ = {
			isa = PBXVariantGroup;
			children = (
				D9189909271E515B009A30BA /* Base */,
			);
			name = LaunchScreen.storyboard;
			sourceTree = "<group>";
		};
/* End PBXVariantGroup section */

/* Begin XCBuildConfiguration section */
		D9189922271E515B009A30BA /* Debug */ = {
			isa = XCBuildConfiguration;
			buildSettings = {
				ALWAYS_SEARCH_USER_PATHS = NO;
				CLANG_ANALYZER_NONNULL = YES;
				CLANG_ANALYZER_NUMBER_OBJECT_CONVERSION = YES_AGGRESSIVE;
				CLANG_CXX_LANGUAGE_STANDARD = "gnu++17";
				CLANG_CXX_LIBRARY = "libc++";
				CLANG_ENABLE_MODULES = YES;
				CLANG_ENABLE_OBJC_ARC = YES;
				CLANG_ENABLE_OBJC_WEAK = YES;
				CLANG_WARN_BLOCK_CAPTURE_AUTORELEASING = YES;
				CLANG_WARN_BOOL_CONVERSION = YES;
				CLANG_WARN_COMMA = YES;
				CLANG_WARN_CONSTANT_CONVERSION = YES;
				CLANG_WARN_DEPRECATED_OBJC_IMPLEMENTATIONS = YES;
				CLANG_WARN_DIRECT_OBJC_ISA_USAGE = YES_ERROR;
				CLANG_WARN_DOCUMENTATION_COMMENTS = YES;
				CLANG_WARN_EMPTY_BODY = YES;
				CLANG_WARN_ENUM_CONVERSION = YES;
				CLANG_WARN_INFINITE_RECURSION = YES;
				CLANG_WARN_INT_CONVERSION = YES;
				CLANG_WARN_NON_LITERAL_NULL_CONVERSION = YES;
				CLANG_WARN_OBJC_IMPLICIT_RETAIN_SELF = YES;
				CLANG_WARN_OBJC_LITERAL_CONVERSION = YES;
				CLANG_WARN_OBJC_ROOT_CLASS = YES_ERROR;
				CLANG_WARN_QUOTED_INCLUDE_IN_FRAMEWORK_HEADER = YES;
				CLANG_WARN_RANGE_LOOP_ANALYSIS = YES;
				CLANG_WARN_STRICT_PROTOTYPES = YES;
				CLANG_WARN_SUSPICIOUS_MOVE = YES;
				CLANG_WARN_UNGUARDED_AVAILABILITY = YES_AGGRESSIVE;
				CLANG_WARN_UNREACHABLE_CODE = YES;
				CLANG_WARN__DUPLICATE_METHOD_MATCH = YES;
				COPY_PHASE_STRIP = NO;
				DEBUG_INFORMATION_FORMAT = dwarf;
				ENABLE_STRICT_OBJC_MSGSEND = YES;
				ENABLE_TESTABILITY = YES;
				GCC_C_LANGUAGE_STANDARD = gnu11;
				GCC_DYNAMIC_NO_PIC = NO;
				GCC_NO_COMMON_BLOCKS = YES;
				GCC_OPTIMIZATION_LEVEL = 0;
				GCC_PREPROCESSOR_DEFINITIONS = (
					"DEBUG=1",
					"$(inherited)",
				);
				GCC_WARN_64_TO_32_BIT_CONVERSION = YES;
				GCC_WARN_ABOUT_RETURN_TYPE = YES_ERROR;
				GCC_WARN_UNDECLARED_SELECTOR = YES;
				GCC_WARN_UNINITIALIZED_AUTOS = YES_AGGRESSIVE;
				GCC_WARN_UNUSED_FUNCTION = YES;
				GCC_WARN_UNUSED_VARIABLE = YES;
				IPHONEOS_DEPLOYMENT_TARGET = 15.0;
				MTL_ENABLE_DEBUG_INFO = INCLUDE_SOURCE;
				MTL_FAST_MATH = YES;
				ONLY_ACTIVE_ARCH = YES;
				SDKROOT = iphoneos;
				SWIFT_ACTIVE_COMPILATION_CONDITIONS = DEBUG;
				SWIFT_OPTIMIZATION_LEVEL = "-Onone";
			};
			name = Debug;
		};
		D9189923271E515B009A30BA /* Release */ = {
			isa = XCBuildConfiguration;
			buildSettings = {
				ALWAYS_SEARCH_USER_PATHS = NO;
				CLANG_ANALYZER_NONNULL = YES;
				CLANG_ANALYZER_NUMBER_OBJECT_CONVERSION = YES_AGGRESSIVE;
				CLANG_CXX_LANGUAGE_STANDARD = "gnu++17";
				CLANG_CXX_LIBRARY = "libc++";
				CLANG_ENABLE_MODULES = YES;
				CLANG_ENABLE_OBJC_ARC = YES;
				CLANG_ENABLE_OBJC_WEAK = YES;
				CLANG_WARN_BLOCK_CAPTURE_AUTORELEASING = YES;
				CLANG_WARN_BOOL_CONVERSION = YES;
				CLANG_WARN_COMMA = YES;
				CLANG_WARN_CONSTANT_CONVERSION = YES;
				CLANG_WARN_DEPRECATED_OBJC_IMPLEMENTATIONS = YES;
				CLANG_WARN_DIRECT_OBJC_ISA_USAGE = YES_ERROR;
				CLANG_WARN_DOCUMENTATION_COMMENTS = YES;
				CLANG_WARN_EMPTY_BODY = YES;
				CLANG_WARN_ENUM_CONVERSION = YES;
				CLANG_WARN_INFINITE_RECURSION = YES;
				CLANG_WARN_INT_CONVERSION = YES;
				CLANG_WARN_NON_LITERAL_NULL_CONVERSION = YES;
				CLANG_WARN_OBJC_IMPLICIT_RETAIN_SELF = YES;
				CLANG_WARN_OBJC_LITERAL_CONVERSION = YES;
				CLANG_WARN_OBJC_ROOT_CLASS = YES_ERROR;
				CLANG_WARN_QUOTED_INCLUDE_IN_FRAMEWORK_HEADER = YES;
				CLANG_WARN_RANGE_LOOP_ANALYSIS = YES;
				CLANG_WARN_STRICT_PROTOTYPES = YES;
				CLANG_WARN_SUSPICIOUS_MOVE = YES;
				CLANG_WARN_UNGUARDED_AVAILABILITY = YES_AGGRESSIVE;
				CLANG_WARN_UNREACHABLE_CODE = YES;
				CLANG_WARN__DUPLICATE_METHOD_MATCH = YES;
				COPY_PHASE_STRIP = NO;
				DEBUG_INFORMATION_FORMAT = "dwarf-with-dsym";
				ENABLE_NS_ASSERTIONS = NO;
				ENABLE_STRICT_OBJC_MSGSEND = YES;
				GCC_C_LANGUAGE_STANDARD = gnu11;
				GCC_NO_COMMON_BLOCKS = YES;
				GCC_WARN_64_TO_32_BIT_CONVERSION = YES;
				GCC_WARN_ABOUT_RETURN_TYPE = YES_ERROR;
				GCC_WARN_UNDECLARED_SELECTOR = YES;
				GCC_WARN_UNINITIALIZED_AUTOS = YES_AGGRESSIVE;
				GCC_WARN_UNUSED_FUNCTION = YES;
				GCC_WARN_UNUSED_VARIABLE = YES;
				IPHONEOS_DEPLOYMENT_TARGET = 15.0;
				MTL_ENABLE_DEBUG_INFO = NO;
				MTL_FAST_MATH = YES;
				SDKROOT = iphoneos;
				SWIFT_COMPILATION_MODE = wholemodule;
				SWIFT_OPTIMIZATION_LEVEL = "-O";
				VALIDATE_PRODUCT = YES;
			};
			name = Release;
		};
		D9189925271E515B009A30BA /* Debug */ = {
			isa = XCBuildConfiguration;
			buildSettings = {
				ASSETCATALOG_COMPILER_APPICON_NAME = AppIcon;
				ASSETCATALOG_COMPILER_GLOBAL_ACCENT_COLOR_NAME = AccentColor;
				CODE_SIGN_STYLE = Automatic;
				CURRENT_PROJECT_VERSION = 1;
				GENERATE_INFOPLIST_FILE = YES;
				INFOPLIST_FILE = HSSearchTextPrint/Info.plist;
				INFOPLIST_KEY_UIApplicationSupportsIndirectInputEvents = YES;
				INFOPLIST_KEY_UILaunchStoryboardName = LaunchScreen;
				INFOPLIST_KEY_UIMainStoryboardFile = Main;
				INFOPLIST_KEY_UISupportedInterfaceOrientations_iPad = "UIInterfaceOrientationPortrait UIInterfaceOrientationPortraitUpsideDown UIInterfaceOrientationLandscapeLeft UIInterfaceOrientationLandscapeRight";
				INFOPLIST_KEY_UISupportedInterfaceOrientations_iPhone = "UIInterfaceOrientationPortrait UIInterfaceOrientationLandscapeLeft UIInterfaceOrientationLandscapeRight";
				LD_RUNPATH_SEARCH_PATHS = (
					"$(inherited)",
					"@executable_path/Frameworks",
				);
				MARKETING_VERSION = 1.0;
				PRODUCT_BUNDLE_IDENTIFIER = zdx.HSSearchTextPrint;
				PRODUCT_NAME = "$(TARGET_NAME)";
				SWIFT_EMIT_LOC_STRINGS = YES;
				SWIFT_VERSION = 5.0;
				TARGETED_DEVICE_FAMILY = "1,2";
			};
			name = Debug;
		};
		D9189926271E515B009A30BA /* Release */ = {
			isa = XCBuildConfiguration;
			buildSettings = {
				ASSETCATALOG_COMPILER_APPICON_NAME = AppIcon;
				ASSETCATALOG_COMPILER_GLOBAL_ACCENT_COLOR_NAME = AccentColor;
				CODE_SIGN_STYLE = Automatic;
				CURRENT_PROJECT_VERSION = 1;
				GENERATE_INFOPLIST_FILE = YES;
				INFOPLIST_FILE = HSSearchTextPrint/Info.plist;
				INFOPLIST_KEY_UIApplicationSupportsIndirectInputEvents = YES;
				INFOPLIST_KEY_UILaunchStoryboardName = LaunchScreen;
				INFOPLIST_KEY_UIMainStoryboardFile = Main;
				INFOPLIST_KEY_UISupportedInterfaceOrientations_iPad = "UIInterfaceOrientationPortrait UIInterfaceOrientationPortraitUpsideDown UIInterfaceOrientationLandscapeLeft UIInterfaceOrientationLandscapeRight";
				INFOPLIST_KEY_UISupportedInterfaceOrientations_iPhone = "UIInterfaceOrientationPortrait UIInterfaceOrientationLandscapeLeft UIInterfaceOrientationLandscapeRight";
				LD_RUNPATH_SEARCH_PATHS = (
					"$(inherited)",
					"@executable_path/Frameworks",
				);
				MARKETING_VERSION = 1.0;
				PRODUCT_BUNDLE_IDENTIFIER = zdx.HSSearchTextPrint;
				PRODUCT_NAME = "$(TARGET_NAME)";
				SWIFT_EMIT_LOC_STRINGS = YES;
				SWIFT_VERSION = 5.0;
				TARGETED_DEVICE_FAMILY = "1,2";
			};
			name = Release;
		};
		D9189928271E515B009A30BA /* Debug */ = {
			isa = XCBuildConfiguration;
			buildSettings = {
				ALWAYS_EMBED_SWIFT_STANDARD_LIBRARIES = YES;
				BUNDLE_LOADER = "$(TEST_HOST)";
				CODE_SIGN_STYLE = Automatic;
				CURRENT_PROJECT_VERSION = 1;
				GENERATE_INFOPLIST_FILE = YES;
				IPHONEOS_DEPLOYMENT_TARGET = 15.0;
				LD_RUNPATH_SEARCH_PATHS = (
					"$(inherited)",
					"@executable_path/Frameworks",
					"@loader_path/Frameworks",
				);
				MARKETING_VERSION = 1.0;
				PRODUCT_BUNDLE_IDENTIFIER = zdx.HSSearchTextPrintTests;
				PRODUCT_NAME = "$(TARGET_NAME)";
				SWIFT_EMIT_LOC_STRINGS = NO;
				SWIFT_VERSION = 5.0;
				TARGETED_DEVICE_FAMILY = "1,2";
				TEST_HOST = "$(BUILT_PRODUCTS_DIR)/HSSearchTextPrint.app/HSSearchTextPrint";
			};
			name = Debug;
		};
		D9189929271E515B009A30BA /* Release */ = {
			isa = XCBuildConfiguration;
			buildSettings = {
				ALWAYS_EMBED_SWIFT_STANDARD_LIBRARIES = YES;
				BUNDLE_LOADER = "$(TEST_HOST)";
				CODE_SIGN_STYLE = Automatic;
				CURRENT_PROJECT_VERSION = 1;
				GENERATE_INFOPLIST_FILE = YES;
				IPHONEOS_DEPLOYMENT_TARGET = 15.0;
				LD_RUNPATH_SEARCH_PATHS = (
					"$(inherited)",
					"@executable_path/Frameworks",
					"@loader_path/Frameworks",
				);
				MARKETING_VERSION = 1.0;
				PRODUCT_BUNDLE_IDENTIFIER = zdx.HSSearchTextPrintTests;
				PRODUCT_NAME = "$(TARGET_NAME)";
				SWIFT_EMIT_LOC_STRINGS = NO;
				SWIFT_VERSION = 5.0;
				TARGETED_DEVICE_FAMILY = "1,2";
				TEST_HOST = "$(BUILT_PRODUCTS_DIR)/HSSearchTextPrint.app/HSSearchTextPrint";
			};
			name = Release;
		};
		D918992B271E515B009A30BA /* Debug */ = {
			isa = XCBuildConfiguration;
			buildSettings = {
				ALWAYS_EMBED_SWIFT_STANDARD_LIBRARIES = YES;
				CODE_SIGN_STYLE = Automatic;
				CURRENT_PROJECT_VERSION = 1;
				GENERATE_INFOPLIST_FILE = YES;
				LD_RUNPATH_SEARCH_PATHS = (
					"$(inherited)",
					"@executable_path/Frameworks",
					"@loader_path/Frameworks",
				);
				MARKETING_VERSION = 1.0;
				PRODUCT_BUNDLE_IDENTIFIER = zdx.HSSearchTextPrintUITests;
				PRODUCT_NAME = "$(TARGET_NAME)";
				SWIFT_EMIT_LOC_STRINGS = NO;
				SWIFT_VERSION = 5.0;
				TARGETED_DEVICE_FAMILY = "1,2";
				TEST_TARGET_NAME = HSSearchTextPrint;
			};
			name = Debug;
		};
		D918992C271E515B009A30BA /* Release */ = {
			isa = XCBuildConfiguration;
			buildSettings = {
				ALWAYS_EMBED_SWIFT_STANDARD_LIBRARIES = YES;
				CODE_SIGN_STYLE = Automatic;
				CURRENT_PROJECT_VERSION = 1;
				GENERATE_INFOPLIST_FILE = YES;
				LD_RUNPATH_SEARCH_PATHS = (
					"$(inherited)",
					"@executable_path/Frameworks",
					"@loader_path/Frameworks",
				);
				MARKETING_VERSION = 1.0;
				PRODUCT_BUNDLE_IDENTIFIER = zdx.HSSearchTextPrintUITests;
				PRODUCT_NAME = "$(TARGET_NAME)";
				SWIFT_EMIT_LOC_STRINGS = NO;
				SWIFT_VERSION = 5.0;
				TARGETED_DEVICE_FAMILY = "1,2";
				TEST_TARGET_NAME = HSSearchTextPrint;
			};
			name = Release;
		};
/* End XCBuildConfiguration section */

/* Begin XCConfigurationList section */
		D91898F5271E5157009A30BA /* Build configuration list for PBXProject "HSSearchTextPrint" */ = {
			isa = XCConfigurationList;
			buildConfigurations = (
				D9189922271E515B009A30BA /* Debug */,
				D9189923271E515B009A30BA /* Release */,
			);
			defaultConfigurationIsVisible = 0;
			defaultConfigurationName = Release;
		};
		D9189924271E515B009A30BA /* Build configuration list for PBXNativeTarget "HSSearchTextPrint" */ = {
			isa = XCConfigurationList;
			buildConfigurations = (
				D9189925271E515B009A30BA /* Debug */,
				D9189926271E515B009A30BA /* Release */,
			);
			defaultConfigurationIsVisible = 0;
			defaultConfigurationName = Release;
		};
		D9189927271E515B009A30BA /* Build configuration list for PBXNativeTarget "HSSearchTextPrintTests" */ = {
			isa = XCConfigurationList;
			buildConfigurations = (
				D9189928271E515B009A30BA /* Debug */,
				D9189929271E515B009A30BA /* Release */,
			);
			defaultConfigurationIsVisible = 0;
			defaultConfigurationName = Release;
		};
		D918992A271E515B009A30BA /* Build configuration list for PBXNativeTarget "HSSearchTextPrintUITests" */ = {
			isa = XCConfigurationList;
			buildConfigurations = (
				D918992B271E515B009A30BA /* Debug */,
				D918992C271E515B009A30BA /* Release */,
			);
			defaultConfigurationIsVisible = 0;
			defaultConfigurationName = Release;
		};
/* End XCConfigurationList section */
	};
	rootObject = D91898F2271E5157009A30BA /* Project object */;
}
