// !$*UTF8*$!
{
	archiveVersion = 1;
	classes = {
	};
	objectVersion = 55;
	objects = {

/* Begin PBXBuildFile section */
		2B10286427F7FFEE00780B84 /* DemoApp.swift in Sources */ = {isa = PBXBuildFile; fileRef = 2B10286327F7FFEE00780B84 /* DemoApp.swift */; };
		2B10286827F7FFF000780B84 /* Assets.xcassets in Resources */ = {isa = PBXBuildFile; fileRef = 2B10286727F7FFF000780B84 /* Assets.xcassets */; };
		2B10286B27F7FFF000780B84 /* Preview Assets.xcassets in Resources */ = {isa = PBXBuildFile; fileRef = 2B10286A27F7FFF000780B84 /* Preview Assets.xcassets */; };
		2B10287527F7FFF000780B84 /* DemoAppTests.swift in Sources */ = {isa = PBXBuildFile; fileRef = 2B10287427F7FFF000780B84 /* DemoAppTests.swift */; };
		2B10287F27F7FFF000780B84 /* DemoAppUITests.swift in Sources */ = {isa = PBXBuildFile; fileRef = 2B10287E27F7FFF000780B84 /* DemoAppUITests.swift */; };
		2B10288127F7FFF000780B84 /* DemoAppUITestsLaunchTests.swift in Sources */ = {isa = PBXBuildFile; fileRef = 2B10288027F7FFF000780B84 /* DemoAppUITestsLaunchTests.swift */; };
		2B10288F27F8004D00780B84 /* Kingfisher in Frameworks */ = {isa = PBXBuildFile; productRef = 2B10288E27F8004D00780B84 /* Kingfisher */; };
		2B10289227F8006D00780B84 /* AppInfoCell.swift in Sources */ = {isa = PBXBuildFile; fileRef = 2B10289127F8006D00780B84 /* AppInfoCell.swift */; };
		2B10289427F8007E00780B84 /* AppInfoModel.swift in Sources */ = {isa = PBXBuildFile; fileRef = 2B10289327F8007E00780B84 /* AppInfoModel.swift */; };
		2B10289727F808CB00780B84 /* AppInfoViewModel.swift in Sources */ = {isa = PBXBuildFile; fileRef = 2B10289627F808CB00780B84 /* AppInfoViewModel.swift */; };
		2B10289B27F8098900780B84 /* Network.swift in Sources */ = {isa = PBXBuildFile; fileRef = 2B10289A27F8098900780B84 /* Network.swift */; };
		2B10553C27F8276A00780B84 /* AppInfoListView.swift in Sources */ = {isa = PBXBuildFile; fileRef = 2B10553B27F8276A00780B84 /* AppInfoListView.swift */; };
		2B10553E27FD76E700780B84 /* NetWorkTest.swift in Sources */ = {isa = PBXBuildFile; fileRef = 2B10553D27FD76E700780B84 /* NetWorkTest.swift */; };
		2B10620427FD825300780B84 /* APPInfoViewModelTest.swift in Sources */ = {isa = PBXBuildFile; fileRef = 2B10620327FD825300780B84 /* APPInfoViewModelTest.swift */; };
/* End PBXBuildFile section */

/* Begin PBXContainerItemProxy section */
		2B10287127F7FFF000780B84 /* PBXContainerItemProxy */ = {
			isa = PBXContainerItemProxy;
			containerPortal = 2B10285827F7FFEE00780B84 /* Project object */;
			proxyType = 1;
			remoteGlobalIDString = 2B10285F27F7FFEE00780B84;
			remoteInfo = DemoApp;
		};
		2B10287B27F7FFF000780B84 /* PBXContainerItemProxy */ = {
			isa = PBXContainerItemProxy;
			containerPortal = 2B10285827F7FFEE00780B84 /* Project object */;
			proxyType = 1;
			remoteGlobalIDString = 2B10285F27F7FFEE00780B84;
			remoteInfo = DemoApp;
		};
/* End PBXContainerItemProxy section */

/* Begin PBXFileReference section */
		2B10286027F7FFEE00780B84 /* DemoApp.app */ = {isa = PBXFileReference; explicitFileType = wrapper.application; includeInIndex = 0; path = DemoApp.app; sourceTree = BUILT_PRODUCTS_DIR; };
		2B10286327F7FFEE00780B84 /* DemoApp.swift */ = {isa = PBXFileReference; lastKnownFileType = sourcecode.swift; path = DemoApp.swift; sourceTree = "<group>"; };
		2B10286727F7FFF000780B84 /* Assets.xcassets */ = {isa = PBXFileReference; lastKnownFileType = folder.assetcatalog; path = Assets.xcassets; sourceTree = "<group>"; };
		2B10286A27F7FFF000780B84 /* Preview Assets.xcassets */ = {isa = PBXFileReference; lastKnownFileType = folder.assetcatalog; path = "Preview Assets.xcassets"; sourceTree = "<group>"; };
		2B10287027F7FFF000780B84 /* DemoAppTests.xctest */ = {isa = PBXFileReference; explicitFileType = wrapper.cfbundle; includeInIndex = 0; path = DemoAppTests.xctest; sourceTree = BUILT_PRODUCTS_DIR; };
		2B10287427F7FFF000780B84 /* DemoAppTests.swift */ = {isa = PBXFileReference; lastKnownFileType = sourcecode.swift; path = DemoAppTests.swift; sourceTree = "<group>"; };
		2B10287A27F7FFF000780B84 /* DemoAppUITests.xctest */ = {isa = PBXFileReference; explicitFileType = wrapper.cfbundle; includeInIndex = 0; path = DemoAppUITests.xctest; sourceTree = BUILT_PRODUCTS_DIR; };
		2B10287E27F7FFF000780B84 /* DemoAppUITests.swift */ = {isa = PBXFileReference; lastKnownFileType = sourcecode.swift; path = DemoAppUITests.swift; sourceTree = "<group>"; };
		2B10288027F7FFF000780B84 /* DemoAppUITestsLaunchTests.swift */ = {isa = PBXFileReference; lastKnownFileType = sourcecode.swift; path = DemoAppUITestsLaunchTests.swift; sourceTree = "<group>"; };
		2B10289127F8006D00780B84 /* AppInfoCell.swift */ = {isa = PBXFileReference; lastKnownFileType = sourcecode.swift; path = AppInfoCell.swift; sourceTree = "<group>"; };
		2B10289327F8007E00780B84 /* AppInfoModel.swift */ = {isa = PBXFileReference; lastKnownFileType = sourcecode.swift; path = AppInfoModel.swift; sourceTree = "<group>"; };
		2B10289627F808CB00780B84 /* AppInfoViewModel.swift */ = {isa = PBXFileReference; lastKnownFileType = sourcecode.swift; path = AppInfoViewModel.swift; sourceTree = "<group>"; };
		2B10289A27F8098900780B84 /* Network.swift */ = {isa = PBXFileReference; lastKnownFileType = sourcecode.swift; path = Network.swift; sourceTree = "<group>"; };
		2B10553B27F8276A00780B84 /* AppInfoListView.swift */ = {isa = PBXFileReference; lastKnownFileType = sourcecode.swift; path = AppInfoListView.swift; sourceTree = "<group>"; };
		2B10553D27FD76E700780B84 /* NetWorkTest.swift */ = {isa = PBXFileReference; lastKnownFileType = sourcecode.swift; path = NetWorkTest.swift; sourceTree = "<group>"; };
		2B10620327FD825300780B84 /* APPInfoViewModelTest.swift */ = {isa = PBXFileReference; lastKnownFileType = sourcecode.swift; path = APPInfoViewModelTest.swift; sourceTree = "<group>"; };
/* End PBXFileReference section */

/* Begin PBXFrameworksBuildPhase section */
		2B10285D27F7FFEE00780B84 /* Frameworks */ = {
			isa = PBXFrameworksBuildPhase;
			buildActionMask = 2147483647;
			files = (
				2B10288F27F8004D00780B84 /* Kingfisher in Frameworks */,
			);
			runOnlyForDeploymentPostprocessing = 0;
		};
		2B10286D27F7FFF000780B84 /* Frameworks */ = {
			isa = PBXFrameworksBuildPhase;
			buildActionMask = 2147483647;
			files = (
			);
			runOnlyForDeploymentPostprocessing = 0;
		};
		2B10287727F7FFF000780B84 /* Frameworks */ = {
			isa = PBXFrameworksBuildPhase;
			buildActionMask = 2147483647;
			files = (
			);
			runOnlyForDeploymentPostprocessing = 0;
		};
/* End PBXFrameworksBuildPhase section */

/* Begin PBXGroup section */
		2B10285727F7FFEE00780B84 = {
			isa = PBXGroup;
			children = (
				2B10286227F7FFEE00780B84 /* DemoApp */,
				2B10287327F7FFF000780B84 /* DemoAppTests */,
				2B10287D27F7FFF000780B84 /* DemoAppUITests */,
				2B10286127F7FFEE00780B84 /* Products */,
			);
			sourceTree = "<group>";
		};
		2B10286127F7FFEE00780B84 /* Products */ = {
			isa = PBXGroup;
			children = (
				2B10286027F7FFEE00780B84 /* DemoApp.app */,
				2B10287027F7FFF000780B84 /* DemoAppTests.xctest */,
				2B10287A27F7FFF000780B84 /* DemoAppUITests.xctest */,
			);
			name = Products;
			sourceTree = "<group>";
		};
		2B10286227F7FFEE00780B84 /* DemoApp */ = {
			isa = PBXGroup;
			children = (
				2B10289927F8097600780B84 /* Network */,
				2B10289827F8093400780B84 /* ViewModel */,
				2B10289527F808AD00780B84 /* Model */,
				2B10289027F8005800780B84 /* Views */,
				2B10286327F7FFEE00780B84 /* DemoApp.swift */,
				2B10286727F7FFF000780B84 /* Assets.xcassets */,
				2B10286927F7FFF000780B84 /* Preview Content */,
			);
			path = DemoApp;
			sourceTree = "<group>";
		};
		2B10286927F7FFF000780B84 /* Preview Content */ = {
			isa = PBXGroup;
			children = (
				2B10286A27F7FFF000780B84 /* Preview Assets.xcassets */,
			);
			path = "Preview Content";
			sourceTree = "<group>";
		};
		2B10287327F7FFF000780B84 /* DemoAppTests */ = {
			isa = PBXGroup;
			children = (
				2B10287427F7FFF000780B84 /* DemoAppTests.swift */,
				2B10553D27FD76E700780B84 /* NetWorkTest.swift */,
				2B10620327FD825300780B84 /* APPInfoViewModelTest.swift */,
			);
			path = DemoAppTests;
			sourceTree = "<group>";
		};
		2B10287D27F7FFF000780B84 /* DemoAppUITests */ = {
			isa = PBXGroup;
			children = (
				2B10287E27F7FFF000780B84 /* DemoAppUITests.swift */,
				2B10288027F7FFF000780B84 /* DemoAppUITestsLaunchTests.swift */,
			);
			path = DemoAppUITests;
			sourceTree = "<group>";
		};
		2B10289027F8005800780B84 /* Views */ = {
			isa = PBXGroup;
			children = (
				2B10289127F8006D00780B84 /* AppInfoCell.swift */,
				2B10553B27F8276A00780B84 /* AppInfoListView.swift */,
			);
			path = Views;
			sourceTree = "<group>";
		};
		2B10289527F808AD00780B84 /* Model */ = {
			isa = PBXGroup;
			children = (
				2B10289327F8007E00780B84 /* AppInfoModel.swift */,
			);
			path = Model;
			sourceTree = "<group>";
		};
		2B10289827F8093400780B84 /* ViewModel */ = {
			isa = PBXGroup;
			children = (
				2B10289627F808CB00780B84 /* AppInfoViewModel.swift */,
			);
			path = ViewModel;
			sourceTree = "<group>";
		};
		2B10289927F8097600780B84 /* Network */ = {
			isa = PBXGroup;
			children = (
				2B10289A27F8098900780B84 /* Network.swift */,
			);
			path = Network;
			sourceTree = "<group>";
		};
/* End PBXGroup section */

/* Begin PBXNativeTarget section */
		2B10285F27F7FFEE00780B84 /* DemoApp */ = {
			isa = PBXNativeTarget;
			buildConfigurationList = 2B10288427F7FFF000780B84 /* Build configuration list for PBXNativeTarget "DemoApp" */;
			buildPhases = (
				2B10285C27F7FFEE00780B84 /* Sources */,
				2B10285D27F7FFEE00780B84 /* Frameworks */,
				2B10285E27F7FFEE00780B84 /* Resources */,
			);
			buildRules = (
			);
			dependencies = (
			);
			name = DemoApp;
			packageProductDependencies = (
				2B10288E27F8004D00780B84 /* Kingfisher */,
			);
			productName = DemoApp;
			productReference = 2B10286027F7FFEE00780B84 /* DemoApp.app */;
			productType = "com.apple.product-type.application";
		};
		2B10286F27F7FFF000780B84 /* DemoAppTests */ = {
			isa = PBXNativeTarget;
			buildConfigurationList = 2B10288727F7FFF000780B84 /* Build configuration list for PBXNativeTarget "DemoAppTests" */;
			buildPhases = (
				2B10286C27F7FFF000780B84 /* Sources */,
				2B10286D27F7FFF000780B84 /* Frameworks */,
				2B10286E27F7FFF000780B84 /* Resources */,
			);
			buildRules = (
			);
			dependencies = (
				2B10287227F7FFF000780B84 /* PBXTargetDependency */,
			);
			name = DemoAppTests;
			productName = DemoAppTests;
			productReference = 2B10287027F7FFF000780B84 /* DemoAppTests.xctest */;
			productType = "com.apple.product-type.bundle.unit-test";
		};
		2B10287927F7FFF000780B84 /* DemoAppUITests */ = {
			isa = PBXNativeTarget;
			buildConfigurationList = 2B10288A27F7FFF000780B84 /* Build configuration list for PBXNativeTarget "DemoAppUITests" */;
			buildPhases = (
				2B10287627F7FFF000780B84 /* Sources */,
				2B10287727F7FFF000780B84 /* Frameworks */,
				2B10287827F7FFF000780B84 /* Resources */,
			);
			buildRules = (
			);
			dependencies = (
				2B10287C27F7FFF000780B84 /* PBXTargetDependency */,
			);
			name = DemoAppUITests;
			productName = DemoAppUITests;
			productReference = 2B10287A27F7FFF000780B84 /* DemoAppUITests.xctest */;
			productType = "com.apple.product-type.bundle.ui-testing";
		};
/* End PBXNativeTarget section */

/* Begin PBXProject section */
		2B10285827F7FFEE00780B84 /* Project object */ = {
			isa = PBXProject;
			attributes = {
				BuildIndependentTargetsInParallel = 1;
				LastSwiftUpdateCheck = 1330;
				LastUpgradeCheck = 1330;
				TargetAttributes = {
					2B10285F27F7FFEE00780B84 = {
						CreatedOnToolsVersion = 13.3;
					};
					2B10286F27F7FFF000780B84 = {
						CreatedOnToolsVersion = 13.3;
						TestTargetID = 2B10285F27F7FFEE00780B84;
					};
					2B10287927F7FFF000780B84 = {
						CreatedOnToolsVersion = 13.3;
						TestTargetID = 2B10285F27F7FFEE00780B84;
					};
				};
			};
			buildConfigurationList = 2B10285B27F7FFEE00780B84 /* Build configuration list for PBXProject "DemoApp" */;
			compatibilityVersion = "Xcode 13.0";
			developmentRegion = en;
			hasScannedForEncodings = 0;
			knownRegions = (
				en,
				Base,
			);
			mainGroup = 2B10285727F7FFEE00780B84;
			packageReferences = (
				2B10288D27F8004D00780B84 /* XCRemoteSwiftPackageReference "Kingfisher" */,
			);
			productRefGroup = 2B10286127F7FFEE00780B84 /* Products */;
			projectDirPath = "";
			projectRoot = "";
			targets = (
				2B10285F27F7FFEE00780B84 /* DemoApp */,
				2B10286F27F7FFF000780B84 /* DemoAppTests */,
				2B10287927F7FFF000780B84 /* DemoAppUITests */,
			);
		};
/* End PBXProject section */

/* Begin PBXResourcesBuildPhase section */
		2B10285E27F7FFEE00780B84 /* Resources */ = {
			isa = PBXResourcesBuildPhase;
			buildActionMask = 2147483647;
			files = (
				2B10286B27F7FFF000780B84 /* Preview Assets.xcassets in Resources */,
				2B10286827F7FFF000780B84 /* Assets.xcassets in Resources */,
			);
			runOnlyForDeploymentPostprocessing = 0;
		};
		2B10286E27F7FFF000780B84 /* Resources */ = {
			isa = PBXResourcesBuildPhase;
			buildActionMask = 2147483647;
			files = (
			);
			runOnlyForDeploymentPostprocessing = 0;
		};
		2B10287827F7FFF000780B84 /* Resources */ = {
			isa = PBXResourcesBuildPhase;
			buildActionMask = 2147483647;
			files = (
			);
			runOnlyForDeploymentPostprocessing = 0;
		};
/* End PBXResourcesBuildPhase section */

/* Begin PBXSourcesBuildPhase section */
		2B10285C27F7FFEE00780B84 /* Sources */ = {
			isa = PBXSourcesBuildPhase;
			buildActionMask = 2147483647;
			files = (
				2B10289727F808CB00780B84 /* AppInfoViewModel.swift in Sources */,
				2B10553C27F8276A00780B84 /* AppInfoListView.swift in Sources */,
				2B10289B27F8098900780B84 /* Network.swift in Sources */,
				2B10286427F7FFEE00780B84 /* DemoApp.swift in Sources */,
				2B10289227F8006D00780B84 /* AppInfoCell.swift in Sources */,
				2B10289427F8007E00780B84 /* AppInfoModel.swift in Sources */,
			);
			runOnlyForDeploymentPostprocessing = 0;
		};
		2B10286C27F7FFF000780B84 /* Sources */ = {
			isa = PBXSourcesBuildPhase;
			buildActionMask = 2147483647;
			files = (
				2B10620427FD825300780B84 /* APPInfoViewModelTest.swift in Sources */,
				2B10553E27FD76E700780B84 /* NetWorkTest.swift in Sources */,
				2B10287527F7FFF000780B84 /* DemoAppTests.swift in Sources */,
			);
			runOnlyForDeploymentPostprocessing = 0;
		};
		2B10287627F7FFF000780B84 /* Sources */ = {
			isa = PBXSourcesBuildPhase;
			buildActionMask = 2147483647;
			files = (
				2B10287F27F7FFF000780B84 /* DemoAppUITests.swift in Sources */,
				2B10288127F7FFF000780B84 /* DemoAppUITestsLaunchTests.swift in Sources */,
			);
			runOnlyForDeploymentPostprocessing = 0;
		};
/* End PBXSourcesBuildPhase section */

/* Begin PBXTargetDependency section */
		2B10287227F7FFF000780B84 /* PBXTargetDependency */ = {
			isa = PBXTargetDependency;
			target = 2B10285F27F7FFEE00780B84 /* DemoApp */;
			targetProxy = 2B10287127F7FFF000780B84 /* PBXContainerItemProxy */;
		};
		2B10287C27F7FFF000780B84 /* PBXTargetDependency */ = {
			isa = PBXTargetDependency;
			target = 2B10285F27F7FFEE00780B84 /* DemoApp */;
			targetProxy = 2B10287B27F7FFF000780B84 /* PBXContainerItemProxy */;
		};
/* End PBXTargetDependency section */

/* Begin XCBuildConfiguration section */
		2B10288227F7FFF000780B84 /* Debug */ = {
			isa = XCBuildConfiguration;
			buildSettings = {
				ALWAYS_SEARCH_USER_PATHS = NO;
				CLANG_ANALYZER_NONNULL = YES;
				CLANG_ANALYZER_NUMBER_OBJECT_CONVERSION = YES_AGGRESSIVE;
				CLANG_CXX_LANGUAGE_STANDARD = "gnu++17";
				CLANG_ENABLE_MODULES = YES;
				CLANG_ENABLE_OBJC_ARC = YES;
				CLANG_ENABLE_OBJC_WEAK = YES;
				CLANG_WARN_BLOCK_CAPTURE_AUTORELEASING = YES;
				CLANG_WARN_BOOL_CONVERSION = YES;
				CLANG_WARN_COMMA = YES;
				CLANG_WARN_CONSTANT_CONVERSION = YES;
				CLANG_WARN_DEPRECATED_OBJC_IMPLEMENTATIONS = YES;
				CLANG_WARN_DIRECT_OBJC_ISA_USAGE = YES_ERROR;
				CLANG_WARN_DOCUMENTATION_COMMENTS = YES;
				CLANG_WARN_EMPTY_BODY = YES;
				CLANG_WARN_ENUM_CONVERSION = YES;
				CLANG_WARN_INFINITE_RECURSION = YES;
				CLANG_WARN_INT_CONVERSION = YES;
				CLANG_WARN_NON_LITERAL_NULL_CONVERSION = YES;
				CLANG_WARN_OBJC_IMPLICIT_RETAIN_SELF = YES;
				CLANG_WARN_OBJC_LITERAL_CONVERSION = YES;
				CLANG_WARN_OBJC_ROOT_CLASS = YES_ERROR;
				CLANG_WARN_QUOTED_INCLUDE_IN_FRAMEWORK_HEADER = YES;
				CLANG_WARN_RANGE_LOOP_ANALYSIS = YES;
				CLANG_WARN_STRICT_PROTOTYPES = YES;
				CLANG_WARN_SUSPICIOUS_MOVE = YES;
				CLANG_WARN_UNGUARDED_AVAILABILITY = YES_AGGRESSIVE;
				CLANG_WARN_UNREACHABLE_CODE = YES;
				CLANG_WARN__DUPLICATE_METHOD_MATCH = YES;
				COPY_PHASE_STRIP = NO;
				DEBUG_INFORMATION_FORMAT = dwarf;
				ENABLE_STRICT_OBJC_MSGSEND = YES;
				ENABLE_TESTABILITY = YES;
				GCC_C_LANGUAGE_STANDARD = gnu11;
				GCC_DYNAMIC_NO_PIC = NO;
				GCC_NO_COMMON_BLOCKS = YES;
				GCC_OPTIMIZATION_LEVEL = 0;
				GCC_PREPROCESSOR_DEFINITIONS = (
					"DEBUG=1",
					"$(inherited)",
				);
				GCC_WARN_64_TO_32_BIT_CONVERSION = YES;
				GCC_WARN_ABOUT_RETURN_TYPE = YES_ERROR;
				GCC_WARN_UNDECLARED_SELECTOR = YES;
				GCC_WARN_UNINITIALIZED_AUTOS = YES_AGGRESSIVE;
				GCC_WARN_UNUSED_FUNCTION = YES;
				GCC_WARN_UNUSED_VARIABLE = YES;
				IPHONEOS_DEPLOYMENT_TARGET = 15.4;
				MTL_ENABLE_DEBUG_INFO = INCLUDE_SOURCE;
				MTL_FAST_MATH = YES;
				ONLY_ACTIVE_ARCH = YES;
				SDKROOT = iphoneos;
				SWIFT_ACTIVE_COMPILATION_CONDITIONS = DEBUG;
				SWIFT_OPTIMIZATION_LEVEL = "-Onone";
			};
			name = Debug;
		};
		2B10288327F7FFF000780B84 /* Release */ = {
			isa = XCBuildConfiguration;
			buildSettings = {
				ALWAYS_SEARCH_USER_PATHS = NO;
				CLANG_ANALYZER_NONNULL = YES;
				CLANG_ANALYZER_NUMBER_OBJECT_CONVERSION = YES_AGGRESSIVE;
				CLANG_CXX_LANGUAGE_STANDARD = "gnu++17";
				CLANG_ENABLE_MODULES = YES;
				CLANG_ENABLE_OBJC_ARC = YES;
				CLANG_ENABLE_OBJC_WEAK = YES;
				CLANG_WARN_BLOCK_CAPTURE_AUTORELEASING = YES;
				CLANG_WARN_BOOL_CONVERSION = YES;
				CLANG_WARN_COMMA = YES;
				CLANG_WARN_CONSTANT_CONVERSION = YES;
				CLANG_WARN_DEPRECATED_OBJC_IMPLEMENTATIONS = YES;
				CLANG_WARN_DIRECT_OBJC_ISA_USAGE = YES_ERROR;
				CLANG_WARN_DOCUMENTATION_COMMENTS = YES;
				CLANG_WARN_EMPTY_BODY = YES;
				CLANG_WARN_ENUM_CONVERSION = YES;
				CLANG_WARN_INFINITE_RECURSION = YES;
				CLANG_WARN_INT_CONVERSION = YES;
				CLANG_WARN_NON_LITERAL_NULL_CONVERSION = YES;
				CLANG_WARN_OBJC_IMPLICIT_RETAIN_SELF = YES;
				CLANG_WARN_OBJC_LITERAL_CONVERSION = YES;
				CLANG_WARN_OBJC_ROOT_CLASS = YES_ERROR;
				CLANG_WARN_QUOTED_INCLUDE_IN_FRAMEWORK_HEADER = YES;
				CLANG_WARN_RANGE_LOOP_ANALYSIS = YES;
				CLANG_WARN_STRICT_PROTOTYPES = YES;
				CLANG_WARN_SUSPICIOUS_MOVE = YES;
				CLANG_WARN_UNGUARDED_AVAILABILITY = YES_AGGRESSIVE;
				CLANG_WARN_UNREACHABLE_CODE = YES;
				CLANG_WARN__DUPLICATE_METHOD_MATCH = YES;
				COPY_PHASE_STRIP = NO;
				DEBUG_INFORMATION_FORMAT = "dwarf-with-dsym";
				ENABLE_NS_ASSERTIONS = NO;
				ENABLE_STRICT_OBJC_MSGSEND = YES;
				GCC_C_LANGUAGE_STANDARD = gnu11;
				GCC_NO_COMMON_BLOCKS = YES;
				GCC_WARN_64_TO_32_BIT_CONVERSION = YES;
				GCC_WARN_ABOUT_RETURN_TYPE = YES_ERROR;
				GCC_WARN_UNDECLARED_SELECTOR = YES;
				GCC_WARN_UNINITIALIZED_AUTOS = YES_AGGRESSIVE;
				GCC_WARN_UNUSED_FUNCTION = YES;
				GCC_WARN_UNUSED_VARIABLE = YES;
				IPHONEOS_DEPLOYMENT_TARGET = 15.4;
				MTL_ENABLE_DEBUG_INFO = NO;
				MTL_FAST_MATH = YES;
				SDKROOT = iphoneos;
				SWIFT_COMPILATION_MODE = wholemodule;
				SWIFT_OPTIMIZATION_LEVEL = "-O";
				VALIDATE_PRODUCT = YES;
			};
			name = Release;
		};
		2B10288527F7FFF000780B84 /* Debug */ = {
			isa = XCBuildConfiguration;
			buildSettings = {
				ASSETCATALOG_COMPILER_APPICON_NAME = AppIcon;
				ASSETCATALOG_COMPILER_GLOBAL_ACCENT_COLOR_NAME = AccentColor;
				CODE_SIGN_STYLE = Automatic;
				CURRENT_PROJECT_VERSION = 1;
				DEVELOPMENT_ASSET_PATHS = "\"DemoApp/Preview Content\"";
				DEVELOPMENT_TEAM = TUB3GW79RB;
				ENABLE_PREVIEWS = YES;
				GENERATE_INFOPLIST_FILE = YES;
				INFOPLIST_KEY_UIApplicationSceneManifest_Generation = YES;
				INFOPLIST_KEY_UIApplicationSupportsIndirectInputEvents = YES;
				INFOPLIST_KEY_UILaunchScreen_Generation = YES;
				INFOPLIST_KEY_UISupportedInterfaceOrientations_iPad = "UIInterfaceOrientationPortrait UIInterfaceOrientationPortraitUpsideDown UIInterfaceOrientationLandscapeLeft UIInterfaceOrientationLandscapeRight";
				INFOPLIST_KEY_UISupportedInterfaceOrientations_iPhone = "UIInterfaceOrientationPortrait UIInterfaceOrientationLandscapeLeft UIInterfaceOrientationLandscapeRight";
				IPHONEOS_DEPLOYMENT_TARGET = 15.0;
				LD_RUNPATH_SEARCH_PATHS = (
					"$(inherited)",
					"@executable_path/Frameworks",
				);
				MARKETING_VERSION = 1.0;
				PRODUCT_BUNDLE_IDENTIFIER = com.test.xiongmin.DemoApp;
				PRODUCT_NAME = "$(TARGET_NAME)";
				SWIFT_EMIT_LOC_STRINGS = YES;
				SWIFT_VERSION = 5.0;
				TARGETED_DEVICE_FAMILY = "1,2";
			};
			name = Debug;
		};
		2B10288627F7FFF000780B84 /* Release */ = {
			isa = XCBuildConfiguration;
			buildSettings = {
				ASSETCATALOG_COMPILER_APPICON_NAME = AppIcon;
				ASSETCATALOG_COMPILER_GLOBAL_ACCENT_COLOR_NAME = AccentColor;
				CODE_SIGN_STYLE = Automatic;
				CURRENT_PROJECT_VERSION = 1;
				DEVELOPMENT_ASSET_PATHS = "\"DemoApp/Preview Content\"";
				DEVELOPMENT_TEAM = TUB3GW79RB;
				ENABLE_PREVIEWS = YES;
				GENERATE_INFOPLIST_FILE = YES;
				INFOPLIST_KEY_UIApplicationSceneManifest_Generation = YES;
				INFOPLIST_KEY_UIApplicationSupportsIndirectInputEvents = YES;
				INFOPLIST_KEY_UILaunchScreen_Generation = YES;
				INFOPLIST_KEY_UISupportedInterfaceOrientations_iPad = "UIInterfaceOrientationPortrait UIInterfaceOrientationPortraitUpsideDown UIInterfaceOrientationLandscapeLeft UIInterfaceOrientationLandscapeRight";
				INFOPLIST_KEY_UISupportedInterfaceOrientations_iPhone = "UIInterfaceOrientationPortrait UIInterfaceOrientationLandscapeLeft UIInterfaceOrientationLandscapeRight";
				IPHONEOS_DEPLOYMENT_TARGET = 15.0;
				LD_RUNPATH_SEARCH_PATHS = (
					"$(inherited)",
					"@executable_path/Frameworks",
				);
				MARKETING_VERSION = 1.0;
				PRODUCT_BUNDLE_IDENTIFIER = com.test.xiongmin.DemoApp;
				PRODUCT_NAME = "$(TARGET_NAME)";
				SWIFT_EMIT_LOC_STRINGS = YES;
				SWIFT_VERSION = 5.0;
				TARGETED_DEVICE_FAMILY = "1,2";
			};
			name = Release;
		};
		2B10288827F7FFF000780B84 /* Debug */ = {
			isa = XCBuildConfiguration;
			buildSettings = {
				ALWAYS_EMBED_SWIFT_STANDARD_LIBRARIES = YES;
				BUNDLE_LOADER = "$(TEST_HOST)";
				CODE_SIGN_STYLE = Automatic;
				CURRENT_PROJECT_VERSION = 1;
				DEVELOPMENT_TEAM = TUB3GW79RB;
				GENERATE_INFOPLIST_FILE = YES;
				IPHONEOS_DEPLOYMENT_TARGET = 15.4;
				MARKETING_VERSION = 1.0;
				PRODUCT_BUNDLE_IDENTIFIER = com.test.xiongmin.DemoAppTests;
				PRODUCT_NAME = "$(TARGET_NAME)";
				SWIFT_EMIT_LOC_STRINGS = NO;
				SWIFT_VERSION = 5.0;
				TARGETED_DEVICE_FAMILY = "1,2";
				TEST_HOST = "$(BUILT_PRODUCTS_DIR)/DemoApp.app/DemoApp";
			};
			name = Debug;
		};
		2B10288927F7FFF000780B84 /* Release */ = {
			isa = XCBuildConfiguration;
			buildSettings = {
				ALWAYS_EMBED_SWIFT_STANDARD_LIBRARIES = YES;
				BUNDLE_LOADER = "$(TEST_HOST)";
				CODE_SIGN_STYLE = Automatic;
				CURRENT_PROJECT_VERSION = 1;
				DEVELOPMENT_TEAM = TUB3GW79RB;
				GENERATE_INFOPLIST_FILE = YES;
				IPHONEOS_DEPLOYMENT_TARGET = 15.4;
				MARKETING_VERSION = 1.0;
				PRODUCT_BUNDLE_IDENTIFIER = com.test.xiongmin.DemoAppTests;
				PRODUCT_NAME = "$(TARGET_NAME)";
				SWIFT_EMIT_LOC_STRINGS = NO;
				SWIFT_VERSION = 5.0;
				TARGETED_DEVICE_FAMILY = "1,2";
				TEST_HOST = "$(BUILT_PRODUCTS_DIR)/DemoApp.app/DemoApp";
			};
			name = Release;
		};
		2B10288B27F7FFF000780B84 /* Debug */ = {
			isa = XCBuildConfiguration;
			buildSettings = {
				ALWAYS_EMBED_SWIFT_STANDARD_LIBRARIES = YES;
				CODE_SIGN_STYLE = Automatic;
				CURRENT_PROJECT_VERSION = 1;
				DEVELOPMENT_TEAM = TUB3GW79RB;
				GENERATE_INFOPLIST_FILE = YES;
				MARKETING_VERSION = 1.0;
				PRODUCT_BUNDLE_IDENTIFIER = com.test.xiongmin.DemoAppUITests;
				PRODUCT_NAME = "$(TARGET_NAME)";
				SWIFT_EMIT_LOC_STRINGS = NO;
				SWIFT_VERSION = 5.0;
				TARGETED_DEVICE_FAMILY = "1,2";
				TEST_TARGET_NAME = DemoApp;
			};
			name = Debug;
		};
		2B10288C27F7FFF000780B84 /* Release */ = {
			isa = XCBuildConfiguration;
			buildSettings = {
				ALWAYS_EMBED_SWIFT_STANDARD_LIBRARIES = YES;
				CODE_SIGN_STYLE = Automatic;
				CURRENT_PROJECT_VERSION = 1;
				DEVELOPMENT_TEAM = TUB3GW79RB;
				GENERATE_INFOPLIST_FILE = YES;
				MARKETING_VERSION = 1.0;
				PRODUCT_BUNDLE_IDENTIFIER = com.test.xiongmin.DemoAppUITests;
				PRODUCT_NAME = "$(TARGET_NAME)";
				SWIFT_EMIT_LOC_STRINGS = NO;
				SWIFT_VERSION = 5.0;
				TARGETED_DEVICE_FAMILY = "1,2";
				TEST_TARGET_NAME = DemoApp;
			};
			name = Release;
		};
/* End XCBuildConfiguration section */

/* Begin XCConfigurationList section */
		2B10285B27F7FFEE00780B84 /* Build configuration list for PBXProject "DemoApp" */ = {
			isa = XCConfigurationList;
			buildConfigurations = (
				2B10288227F7FFF000780B84 /* Debug */,
				2B10288327F7FFF000780B84 /* Release */,
			);
			defaultConfigurationIsVisible = 0;
			defaultConfigurationName = Release;
		};
		2B10288427F7FFF000780B84 /* Build configuration list for PBXNativeTarget "DemoApp" */ = {
			isa = XCConfigurationList;
			buildConfigurations = (
				2B10288527F7FFF000780B84 /* Debug */,
				2B10288627F7FFF000780B84 /* Release */,
			);
			defaultConfigurationIsVisible = 0;
			defaultConfigurationName = Release;
		};
		2B10288727F7FFF000780B84 /* Build configuration list for PBXNativeTarget "DemoAppTests" */ = {
			isa = XCConfigurationList;
			buildConfigurations = (
				2B10288827F7FFF000780B84 /* Debug */,
				2B10288927F7FFF000780B84 /* Release */,
			);
			defaultConfigurationIsVisible = 0;
			defaultConfigurationName = Release;
		};
		2B10288A27F7FFF000780B84 /* Build configuration list for PBXNativeTarget "DemoAppUITests" */ = {
			isa = XCConfigurationList;
			buildConfigurations = (
				2B10288B27F7FFF000780B84 /* Debug */,
				2B10288C27F7FFF000780B84 /* Release */,
			);
			defaultConfigurationIsVisible = 0;
			defaultConfigurationName = Release;
		};
/* End XCConfigurationList section */

/* Begin XCRemoteSwiftPackageReference section */
		2B10288D27F8004D00780B84 /* XCRemoteSwiftPackageReference "Kingfisher" */ = {
			isa = XCRemoteSwiftPackageReference;
			repositoryURL = "https://github.com/onevcat/Kingfisher.git";
			requirement = {
				kind = upToNextMajorVersion;
				minimumVersion = 7.0.0;
			};
		};
/* End XCRemoteSwiftPackageReference section */

/* Begin XCSwiftPackageProductDependency section */
		2B10288E27F8004D00780B84 /* Kingfisher */ = {
			isa = XCSwiftPackageProductDependency;
			package = 2B10288D27F8004D00780B84 /* XCRemoteSwiftPackageReference "Kingfisher" */;
			productName = Kingfisher;
		};
/* End XCSwiftPackageProductDependency section */
	};
	rootObject = 2B10285827F7FFEE00780B84 /* Project object */;
}
